// !$*UTF8*$!
{
	archiveVersion = 1;
	classes = {
	};
	objectVersion = 46;
	objects = {

/* Begin PBXBuildFile section */
		A61958992192D76B00BEB8A5 /* main.m in Sources */ = {isa = PBXBuildFile; fileRef = A61958982192D76B00BEB8A5 /* main.m */; };
		A619589F2192D78300BEB8A5 /* ulibsms.framework in Frameworks */ = {isa = PBXBuildFile; fileRef = A6F9FE461EF7FA33007C203A /* ulibsms.framework */; };
		A641CEB21B42014800854472 /* ulibsmsTests.m in Sources */ = {isa = PBXBuildFile; fileRef = A641CEB11B42014800854472 /* ulibsmsTests.m */; };
		A6521E092334E5A0004C8C1F /* ulibgsmmap.framework in Frameworks */ = {isa = PBXBuildFile; fileRef = A67989D422BB68F40019806C /* ulibgsmmap.framework */; };
		A6521E0A2334E5A0004C8C1F /* ulib.framework in Frameworks */ = {isa = PBXBuildFile; fileRef = A67989D022BB68DB0019806C /* ulib.framework */; };
		A6521E0B2334E5A0004C8C1F /* ulibsms.framework in Frameworks */ = {isa = PBXBuildFile; fileRef = A6F9FE461EF7FA33007C203A /* ulibsms.framework */; };
		A65C7C0D23460A110013DDC3 /* UMSATCommands.m in Sources */ = {isa = PBXBuildFile; fileRef = A65C7C0C23460A110013DDC3 /* UMSATCommands.m */; };
		A6645193234CE5CB006A2FA2 /* UMSATToken.m in Sources */ = {isa = PBXBuildFile; fileRef = A6645192234CE5CB006A2FA2 /* UMSATToken.m */; };
		A664D57A1F6A60E500BD455E /* UMSMS.m in Sources */ = {isa = PBXBuildFile; fileRef = A64612D51D41F12B00211137 /* UMSMS.m */; };
		A664D57B1F6A60EB00BD455E /* UMSMS_Address.m in Sources */ = {isa = PBXBuildFile; fileRef = A6D10CD01D4F34EB001D021B /* UMSMS_Address.m */; };
		A664D57C1F6A60EE00BD455E /* UMLayerSMS.m in Sources */ = {isa = PBXBuildFile; fileRef = A6ED5C3A1B434FAD00854472 /* UMLayerSMS.m */; };
		A664D57D1F6A60F100BD455E /* UMSMSWaitingQueue.m in Sources */ = {isa = PBXBuildFile; fileRef = A6B7FBB51B44A9C500854472 /* UMSMSWaitingQueue.m */; };
		A664D57E1F6A60F400BD455E /* UMSMSInProgressQueue.m in Sources */ = {isa = PBXBuildFile; fileRef = A6D2B7BB1B453E490090FC94 /* UMSMSInProgressQueue.m */; };
		A664D57F1F6A60F700BD455E /* UMHLRCache.m in Sources */ = {isa = PBXBuildFile; fileRef = A6C789521B4ABBFF0090FC94 /* UMHLRCache.m */; };
		A664D5801F6A60FA00BD455E /* UMHLRCacheEntry.m in Sources */ = {isa = PBXBuildFile; fileRef = A6C789561B4ABC0A0090FC94 /* UMHLRCacheEntry.m */; };
		A664D5811F6A60FC00BD455E /* UMSMSRetryQueue.m in Sources */ = {isa = PBXBuildFile; fileRef = A682DB5B1B455ADF0090FC94 /* UMSMSRetryQueue.m */; };
		A664D5821F6A615F00BD455E /* UMGlobalMessageCache.m in Sources */ = {isa = PBXBuildFile; fileRef = A6C789461B4A885E0090FC94 /* UMGlobalMessageCache.m */; };
		A664D5831F6A616100BD455E /* UMGlobalMessageCacheEntry.m in Sources */ = {isa = PBXBuildFile; fileRef = A6C7894A1B4A886C0090FC94 /* UMGlobalMessageCacheEntry.m */; };
		A664D5841F6A616400BD455E /* UMGSMCharacterTable.m in Sources */ = {isa = PBXBuildFile; fileRef = A6909AB11F694638000254E8 /* UMGSMCharacterTable.m */; };
		A664D58D1F6A61BB00BD455E /* libiconv.2.dylib in Frameworks */ = {isa = PBXBuildFile; fileRef = A6DC79991DE65D17003BBA67 /* libiconv.2.dylib */; };
		A66C142223592D9A0019C5EA /* UMSATTokenDeck.m in Sources */ = {isa = PBXBuildFile; fileRef = A66C142123592D9A0019C5EA /* UMSATTokenDeck.m */; };
		A66C142523592DA70019C5EA /* UMSATTokenCard.m in Sources */ = {isa = PBXBuildFile; fileRef = A66C142423592DA70019C5EA /* UMSATTokenCard.m */; };
		A66C14282359322D0019C5EA /* UMSATTokenDeckId.m in Sources */ = {isa = PBXBuildFile; fileRef = A66C14272359322D0019C5EA /* UMSATTokenDeckId.m */; };
		A66C142B235932360019C5EA /* UMSATTokenSPS.m in Sources */ = {isa = PBXBuildFile; fileRef = A66C142A235932360019C5EA /* UMSATTokenSPS.m */; };
		A66C142E2359323F0019C5EA /* UMSATTokenTextElementTable.m in Sources */ = {isa = PBXBuildFile; fileRef = A66C142D2359323F0019C5EA /* UMSATTokenTextElementTable.m */; };
		A66C1431235932530019C5EA /* UMSATTokenCardId.m in Sources */ = {isa = PBXBuildFile; fileRef = A66C1430235932530019C5EA /* UMSATTokenCardId.m */; };
		A66C14342359325C0019C5EA /* UMSATTokenCardTemplate.m in Sources */ = {isa = PBXBuildFile; fileRef = A66C14332359325C0019C5EA /* UMSATTokenCardTemplate.m */; };
		A66C1437235932640019C5EA /* UMSATTokenVariableReference.m in Sources */ = {isa = PBXBuildFile; fileRef = A66C1436235932640019C5EA /* UMSATTokenVariableReference.m */; };
		A66C143A2359326C0019C5EA /* UMSATTokenVariableReferenceList.m in Sources */ = {isa = PBXBuildFile; fileRef = A66C14392359326C0019C5EA /* UMSATTokenVariableReferenceList.m */; };
		A66C143D235932740019C5EA /* UMSATTokenInlineValue.m in Sources */ = {isa = PBXBuildFile; fileRef = A66C143C235932740019C5EA /* UMSATTokenInlineValue.m */; };
		A66C14402359327C0019C5EA /* UMSATTokenInputList.m in Sources */ = {isa = PBXBuildFile; fileRef = A66C143F2359327C0019C5EA /* UMSATTokenInputList.m */; };
		A66C1443235932850019C5EA /* UMSATTokenParameter.m in Sources */ = {isa = PBXBuildFile; fileRef = A66C1442235932850019C5EA /* UMSATTokenParameter.m */; };
		A66C14462359328E0019C5EA /* UMSATTokenURLReference.m in Sources */ = {isa = PBXBuildFile; fileRef = A66C14452359328E0019C5EA /* UMSATTokenURLReference.m */; };
		A66C1449235932960019C5EA /* UMSATTokenAddressReference.m in Sources */ = {isa = PBXBuildFile; fileRef = A66C1448235932960019C5EA /* UMSATTokenAddressReference.m */; };
		A66C144C2359329E0019C5EA /* UMSATTokenConstantParameter.m in Sources */ = {isa = PBXBuildFile; fileRef = A66C144B2359329E0019C5EA /* UMSATTokenConstantParameter.m */; };
		A66C144F235932A50019C5EA /* UMSATTokenSecureMessage.m in Sources */ = {isa = PBXBuildFile; fileRef = A66C144E235932A50019C5EA /* UMSATTokenSecureMessage.m */; };
		A66C1452235932AD0019C5EA /* UMSATTokenCouple.m in Sources */ = {isa = PBXBuildFile; fileRef = A66C1451235932AD0019C5EA /* UMSATTokenCouple.m */; };
		A66C1455235932B40019C5EA /* UMSATTokenInitVariable.m in Sources */ = {isa = PBXBuildFile; fileRef = A66C1454235932B40019C5EA /* UMSATTokenInitVariable.m */; };
		A66C1458235932BD0019C5EA /* UMSATTokenInitVariableSelected.m in Sources */ = {isa = PBXBuildFile; fileRef = A66C1457235932BD0019C5EA /* UMSATTokenInitVariableSelected.m */; };
		A66C145B235932C50019C5EA /* UMSATTokenGetEnvironmentVariable.m in Sources */ = {isa = PBXBuildFile; fileRef = A66C145A235932C50019C5EA /* UMSATTokenGetEnvironmentVariable.m */; };
		A66C145E235932CD0019C5EA /* UMSATTokenSetHelp.m in Sources */ = {isa = PBXBuildFile; fileRef = A66C145D235932CD0019C5EA /* UMSATTokenSetHelp.m */; };
		A66C1461235932D50019C5EA /* UMSATTokenConcatenate.m in Sources */ = {isa = PBXBuildFile; fileRef = A66C1460235932D50019C5EA /* UMSATTokenConcatenate.m */; };
		A66C1464235932DD0019C5EA /* UMSATTokenExtract.m in Sources */ = {isa = PBXBuildFile; fileRef = A66C1463235932DD0019C5EA /* UMSATTokenExtract.m */; };
		A66C1467235932E50019C5EA /* UMSATTokenEcrypt.m in Sources */ = {isa = PBXBuildFile; fileRef = A66C1466235932E50019C5EA /* UMSATTokenEcrypt.m */; };
		A66C146A235932EE0019C5EA /* UMSATTokenDecrypt.m in Sources */ = {isa = PBXBuildFile; fileRef = A66C1469235932EE0019C5EA /* UMSATTokenDecrypt.m */; };
		A66C146D235932F50019C5EA /* UMSATTokenGoBack.m in Sources */ = {isa = PBXBuildFile; fileRef = A66C146C235932F50019C5EA /* UMSATTokenGoBack.m */; };
		A66C1470235932FC0019C5EA /* UMSATTokenGoSelected.m in Sources */ = {isa = PBXBuildFile; fileRef = A66C146F235932FC0019C5EA /* UMSATTokenGoSelected.m */; };
		A66C1473235933030019C5EA /* UMSATTokenSwitchCaseOnVariable.m in Sources */ = {isa = PBXBuildFile; fileRef = A66C1472235933030019C5EA /* UMSATTokenSwitchCaseOnVariable.m */; };
		A66C14762359330B0019C5EA /* UMSATTokenExit.m in Sources */ = {isa = PBXBuildFile; fileRef = A66C14752359330B0019C5EA /* UMSATTokenExit.m */; };
		A66C1479235933120019C5EA /* UMSATTokenManageContextualMenu.m in Sources */ = {isa = PBXBuildFile; fileRef = A66C1478235933120019C5EA /* UMSATTokenManageContextualMenu.m */; };
		A66C147C235933190019C5EA /* UMSATTokenExecuteSTKCommand.m in Sources */ = {isa = PBXBuildFile; fileRef = A66C147B235933190019C5EA /* UMSATTokenExecuteSTKCommand.m */; };
		A66C147F235933220019C5EA /* UMSATTokenExecutePlugin.m in Sources */ = {isa = PBXBuildFile; fileRef = A66C147E235933220019C5EA /* UMSATTokenExecutePlugin.m */; };
		A66C1480235933620019C5EA /* UMSATToken.h in Headers */ = {isa = PBXBuildFile; fileRef = A6645191234CE5CB006A2FA2 /* UMSATToken.h */; settings = {ATTRIBUTES = (Public, ); }; };
		A66C1481235933620019C5EA /* UMSATTokenDeckId.h in Headers */ = {isa = PBXBuildFile; fileRef = A66C14262359322D0019C5EA /* UMSATTokenDeckId.h */; settings = {ATTRIBUTES = (Public, ); }; };
		A66C1482235933620019C5EA /* UMSATTokenSPS.h in Headers */ = {isa = PBXBuildFile; fileRef = A66C1429235932360019C5EA /* UMSATTokenSPS.h */; settings = {ATTRIBUTES = (Public, ); }; };
		A66C1483235933620019C5EA /* UMSATTokenTextElementTable.h in Headers */ = {isa = PBXBuildFile; fileRef = A66C142C2359323F0019C5EA /* UMSATTokenTextElementTable.h */; settings = {ATTRIBUTES = (Public, ); }; };
		A66C1484235933620019C5EA /* UMSATTokenCardId.h in Headers */ = {isa = PBXBuildFile; fileRef = A66C142F235932530019C5EA /* UMSATTokenCardId.h */; settings = {ATTRIBUTES = (Public, ); }; };
		A66C1485235933620019C5EA /* UMSATTokenCardTemplate.h in Headers */ = {isa = PBXBuildFile; fileRef = A66C14322359325C0019C5EA /* UMSATTokenCardTemplate.h */; settings = {ATTRIBUTES = (Public, ); }; };
		A66C1486235933620019C5EA /* UMSATTokenVariableReference.h in Headers */ = {isa = PBXBuildFile; fileRef = A66C1435235932640019C5EA /* UMSATTokenVariableReference.h */; settings = {ATTRIBUTES = (Public, ); }; };
		A66C1487235933620019C5EA /* UMSATTokenVariableReferenceList.h in Headers */ = {isa = PBXBuildFile; fileRef = A66C14382359326C0019C5EA /* UMSATTokenVariableReferenceList.h */; settings = {ATTRIBUTES = (Public, ); }; };
		A66C1488235933620019C5EA /* UMSATTokenInlineValue.h in Headers */ = {isa = PBXBuildFile; fileRef = A66C143B235932740019C5EA /* UMSATTokenInlineValue.h */; settings = {ATTRIBUTES = (Public, ); }; };
		A66C1489235933620019C5EA /* UMSATTokenInputList.h in Headers */ = {isa = PBXBuildFile; fileRef = A66C143E2359327C0019C5EA /* UMSATTokenInputList.h */; settings = {ATTRIBUTES = (Public, ); }; };
		A66C148A235933620019C5EA /* UMSATTokenParameter.h in Headers */ = {isa = PBXBuildFile; fileRef = A66C1441235932850019C5EA /* UMSATTokenParameter.h */; settings = {ATTRIBUTES = (Public, ); }; };
		A66C148B235933620019C5EA /* UMSATTokenURLReference.h in Headers */ = {isa = PBXBuildFile; fileRef = A66C14442359328E0019C5EA /* UMSATTokenURLReference.h */; settings = {ATTRIBUTES = (Public, ); }; };
		A66C148C235933620019C5EA /* UMSATTokenAddressReference.h in Headers */ = {isa = PBXBuildFile; fileRef = A66C1447235932960019C5EA /* UMSATTokenAddressReference.h */; settings = {ATTRIBUTES = (Public, ); }; };
		A66C148D235933620019C5EA /* UMSATTokenConstantParameter.h in Headers */ = {isa = PBXBuildFile; fileRef = A66C144A2359329E0019C5EA /* UMSATTokenConstantParameter.h */; settings = {ATTRIBUTES = (Public, ); }; };
		A66C148E235933620019C5EA /* UMSATTokenSecureMessage.h in Headers */ = {isa = PBXBuildFile; fileRef = A66C144D235932A50019C5EA /* UMSATTokenSecureMessage.h */; settings = {ATTRIBUTES = (Public, ); }; };
		A66C148F235933620019C5EA /* UMSATTokenCouple.h in Headers */ = {isa = PBXBuildFile; fileRef = A66C1450235932AD0019C5EA /* UMSATTokenCouple.h */; settings = {ATTRIBUTES = (Public, ); }; };
		A66C1490235933620019C5EA /* UMSATTokenInitVariable.h in Headers */ = {isa = PBXBuildFile; fileRef = A66C1453235932B40019C5EA /* UMSATTokenInitVariable.h */; settings = {ATTRIBUTES = (Public, ); }; };
		A66C1491235933620019C5EA /* UMSATTokenInitVariableSelected.h in Headers */ = {isa = PBXBuildFile; fileRef = A66C1456235932BD0019C5EA /* UMSATTokenInitVariableSelected.h */; settings = {ATTRIBUTES = (Public, ); }; };
		A66C1492235933620019C5EA /* UMSATTokenGetEnvironmentVariable.h in Headers */ = {isa = PBXBuildFile; fileRef = A66C1459235932C50019C5EA /* UMSATTokenGetEnvironmentVariable.h */; settings = {ATTRIBUTES = (Public, ); }; };
		A66C1493235933620019C5EA /* UMSATTokenSetHelp.h in Headers */ = {isa = PBXBuildFile; fileRef = A66C145C235932CD0019C5EA /* UMSATTokenSetHelp.h */; settings = {ATTRIBUTES = (Public, ); }; };
		A66C1494235933620019C5EA /* UMSATTokenConcatenate.h in Headers */ = {isa = PBXBuildFile; fileRef = A66C145F235932D50019C5EA /* UMSATTokenConcatenate.h */; settings = {ATTRIBUTES = (Public, ); }; };
		A66C1495235933620019C5EA /* UMSATTokenExtract.h in Headers */ = {isa = PBXBuildFile; fileRef = A66C1462235932DD0019C5EA /* UMSATTokenExtract.h */; settings = {ATTRIBUTES = (Public, ); }; };
		A66C1496235933620019C5EA /* UMSATTokenEcrypt.h in Headers */ = {isa = PBXBuildFile; fileRef = A66C1465235932E50019C5EA /* UMSATTokenEcrypt.h */; settings = {ATTRIBUTES = (Public, ); }; };
		A66C1497235933620019C5EA /* UMSATTokenDecrypt.h in Headers */ = {isa = PBXBuildFile; fileRef = A66C1468235932EE0019C5EA /* UMSATTokenDecrypt.h */; settings = {ATTRIBUTES = (Public, ); }; };
		A66C1498235933620019C5EA /* UMSATTokenGoBack.h in Headers */ = {isa = PBXBuildFile; fileRef = A66C146B235932F50019C5EA /* UMSATTokenGoBack.h */; settings = {ATTRIBUTES = (Public, ); }; };
		A66C1499235933620019C5EA /* UMSATTokenGoSelected.h in Headers */ = {isa = PBXBuildFile; fileRef = A66C146E235932FC0019C5EA /* UMSATTokenGoSelected.h */; settings = {ATTRIBUTES = (Public, ); }; };
		A66C149A235933620019C5EA /* UMSATTokenSwitchCaseOnVariable.h in Headers */ = {isa = PBXBuildFile; fileRef = A66C1471235933030019C5EA /* UMSATTokenSwitchCaseOnVariable.h */; settings = {ATTRIBUTES = (Public, ); }; };
		A66C149B235933620019C5EA /* UMSATTokenExit.h in Headers */ = {isa = PBXBuildFile; fileRef = A66C14742359330B0019C5EA /* UMSATTokenExit.h */; settings = {ATTRIBUTES = (Public, ); }; };
		A66C149C235933620019C5EA /* UMSATTokenManageContextualMenu.h in Headers */ = {isa = PBXBuildFile; fileRef = A66C1477235933120019C5EA /* UMSATTokenManageContextualMenu.h */; settings = {ATTRIBUTES = (Public, ); }; };
		A66C149D235933620019C5EA /* UMSATTokenExecuteSTKCommand.h in Headers */ = {isa = PBXBuildFile; fileRef = A66C147A235933190019C5EA /* UMSATTokenExecuteSTKCommand.h */; settings = {ATTRIBUTES = (Public, ); }; };
		A66C149E235933620019C5EA /* UMSATTokenExecutePlugin.h in Headers */ = {isa = PBXBuildFile; fileRef = A66C147D235933220019C5EA /* UMSATTokenExecutePlugin.h */; settings = {ATTRIBUTES = (Public, ); }; };
		A66C149F235933620019C5EA /* UMSATTokenDeck.h in Headers */ = {isa = PBXBuildFile; fileRef = A66C142023592D9A0019C5EA /* UMSATTokenDeck.h */; settings = {ATTRIBUTES = (Public, ); }; };
		A66C14A0235933620019C5EA /* UMSATTokenCard.h in Headers */ = {isa = PBXBuildFile; fileRef = A66C142323592DA70019C5EA /* UMSATTokenCard.h */; settings = {ATTRIBUTES = (Public, ); }; };
		A67989D122BB68DB0019806C /* ulib.framework in Frameworks */ = {isa = PBXBuildFile; fileRef = A67989D022BB68DB0019806C /* ulib.framework */; };
		A67989D222BB68DB0019806C /* ulib.framework in Frameworks */ = {isa = PBXBuildFile; fileRef = A67989D022BB68DB0019806C /* ulib.framework */; };
		A67989D322BB68DB0019806C /* ulib.framework in Frameworks */ = {isa = PBXBuildFile; fileRef = A67989D022BB68DB0019806C /* ulib.framework */; };
		A67989D522BB68F40019806C /* ulibgsmmap.framework in Frameworks */ = {isa = PBXBuildFile; fileRef = A67989D422BB68F40019806C /* ulibgsmmap.framework */; };
		A67989D622BB68F40019806C /* ulibgsmmap.framework in Frameworks */ = {isa = PBXBuildFile; fileRef = A67989D422BB68F40019806C /* ulibgsmmap.framework */; };
		A67989D722BB68F40019806C /* ulibgsmmap.framework in Frameworks */ = {isa = PBXBuildFile; fileRef = A67989D422BB68F40019806C /* ulibgsmmap.framework */; };
		A68D2147241153F7004C629A /* ulibsccp.framework in Frameworks */ = {isa = PBXBuildFile; fileRef = A68D2146241153F7004C629A /* ulibsccp.framework */; };
		A68D21492411540F004C629A /* ulibtcap.framework in Frameworks */ = {isa = PBXBuildFile; fileRef = A68D21482411540E004C629A /* ulibtcap.framework */; };
		A68D214B24115415004C629A /* ulibgt.framework in Frameworks */ = {isa = PBXBuildFile; fileRef = A68D214A24115415004C629A /* ulibgt.framework */; };
		A6909AAE1F69432A000254E8 /* UMGSMNationalLanguageIdentifier.h in Headers */ = {isa = PBXBuildFile; fileRef = A6909AAC1F69432A000254E8 /* UMGSMNationalLanguageIdentifier.h */; settings = {ATTRIBUTES = (Public, ); }; };
		A6909AB21F694638000254E8 /* UMGSMCharacterTable.h in Headers */ = {isa = PBXBuildFile; fileRef = A6909AB01F694638000254E8 /* UMGSMCharacterTable.h */; };
		A6909AB31F694638000254E8 /* UMGSMCharacterTable.m in Sources */ = {isa = PBXBuildFile; fileRef = A6909AB11F694638000254E8 /* UMGSMCharacterTable.m */; };
		A6981AAE233B2B7800D666D4 /* ulib.framework in Frameworks */ = {isa = PBXBuildFile; fileRef = A67989D022BB68DB0019806C /* ulib.framework */; };
		A6981AB8233B2B9C00D666D4 /* main.m in Sources */ = {isa = PBXBuildFile; fileRef = A6981AB7233B2B9C00D666D4 /* main.m */; };
		A6981AB9233B307900D666D4 /* main.m in Sources */ = {isa = PBXBuildFile; fileRef = A6521E132334E5C7004C8C1F /* main.m */; };
		A6F9FE4A1EF7FA33007C203A /* ulibsms.h in Headers */ = {isa = PBXBuildFile; fileRef = A6F9FE481EF7FA33007C203A /* ulibsms.h */; settings = {ATTRIBUTES = (Public, ); }; };
		A6F9FE4E1EF7FB67007C203A /* UMSMS.h in Headers */ = {isa = PBXBuildFile; fileRef = A64612D41D41F12B00211137 /* UMSMS.h */; settings = {ATTRIBUTES = (Public, ); }; };
		A6F9FE4F1EF7FB79007C203A /* UMSMS_Address.h in Headers */ = {isa = PBXBuildFile; fileRef = A6D10CCF1D4F34EB001D021B /* UMSMS_Address.h */; settings = {ATTRIBUTES = (Public, ); }; };
		A6F9FE501EF7FB79007C203A /* UMSMSTransactionProtocol.h in Headers */ = {isa = PBXBuildFile; fileRef = A682DB601B4566A50090FC94 /* UMSMSTransactionProtocol.h */; settings = {ATTRIBUTES = (Public, ); }; };
		A6F9FE511EF7FB79007C203A /* UMLayerSMS.h in Headers */ = {isa = PBXBuildFile; fileRef = A6ED5C391B434FAD00854472 /* UMLayerSMS.h */; settings = {ATTRIBUTES = (Public, ); }; };
		A6F9FE521EF7FB79007C203A /* UMSMSWaitingQueue.h in Headers */ = {isa = PBXBuildFile; fileRef = A6B7FBB41B44A9C500854472 /* UMSMSWaitingQueue.h */; settings = {ATTRIBUTES = (Public, ); }; };
		A6F9FE531EF7FB79007C203A /* UMSMSInProgressQueue.h in Headers */ = {isa = PBXBuildFile; fileRef = A6D2B7BA1B453E490090FC94 /* UMSMSInProgressQueue.h */; settings = {ATTRIBUTES = (Public, ); }; };
		A6F9FE541EF7FB79007C203A /* UMHLRCache.h in Headers */ = {isa = PBXBuildFile; fileRef = A6C789511B4ABBFF0090FC94 /* UMHLRCache.h */; settings = {ATTRIBUTES = (Public, ); }; };
		A6F9FE551EF7FB79007C203A /* UMHLRCacheEntry.h in Headers */ = {isa = PBXBuildFile; fileRef = A6C789551B4ABC0A0090FC94 /* UMHLRCacheEntry.h */; settings = {ATTRIBUTES = (Public, ); }; };
		A6F9FE561EF7FB79007C203A /* UMSMSRetryQueue.h in Headers */ = {isa = PBXBuildFile; fileRef = A682DB5A1B455ADF0090FC94 /* UMSMSRetryQueue.h */; settings = {ATTRIBUTES = (Public, ); }; };
		A6F9FE571EF7FB79007C203A /* UMGlobalMessageCache.h in Headers */ = {isa = PBXBuildFile; fileRef = A6C789451B4A885E0090FC94 /* UMGlobalMessageCache.h */; settings = {ATTRIBUTES = (Public, ); }; };
		A6F9FE581EF7FB79007C203A /* UMGlobalMessageCacheEntry.h in Headers */ = {isa = PBXBuildFile; fileRef = A6C789491B4A886C0090FC94 /* UMGlobalMessageCacheEntry.h */; settings = {ATTRIBUTES = (Public, ); }; };
		A6F9FE591EF7FB8E007C203A /* UMSMS.m in Sources */ = {isa = PBXBuildFile; fileRef = A64612D51D41F12B00211137 /* UMSMS.m */; };
		A6F9FE5A1EF7FB8E007C203A /* UMSMS_Address.m in Sources */ = {isa = PBXBuildFile; fileRef = A6D10CD01D4F34EB001D021B /* UMSMS_Address.m */; };
		A6F9FE5B1EF7FB8E007C203A /* UMLayerSMS.m in Sources */ = {isa = PBXBuildFile; fileRef = A6ED5C3A1B434FAD00854472 /* UMLayerSMS.m */; };
		A6F9FE5C1EF7FB8E007C203A /* UMSMSWaitingQueue.m in Sources */ = {isa = PBXBuildFile; fileRef = A6B7FBB51B44A9C500854472 /* UMSMSWaitingQueue.m */; };
		A6F9FE5D1EF7FB8E007C203A /* UMSMSInProgressQueue.m in Sources */ = {isa = PBXBuildFile; fileRef = A6D2B7BB1B453E490090FC94 /* UMSMSInProgressQueue.m */; };
		A6F9FE5E1EF7FB8E007C203A /* UMHLRCache.m in Sources */ = {isa = PBXBuildFile; fileRef = A6C789521B4ABBFF0090FC94 /* UMHLRCache.m */; };
		A6F9FE5F1EF7FB8E007C203A /* UMHLRCacheEntry.m in Sources */ = {isa = PBXBuildFile; fileRef = A6C789561B4ABC0A0090FC94 /* UMHLRCacheEntry.m */; };
		A6F9FE601EF7FB8E007C203A /* UMSMSRetryQueue.m in Sources */ = {isa = PBXBuildFile; fileRef = A682DB5B1B455ADF0090FC94 /* UMSMSRetryQueue.m */; };
		A6F9FE611EF7FB8E007C203A /* UMGlobalMessageCache.m in Sources */ = {isa = PBXBuildFile; fileRef = A6C789461B4A885E0090FC94 /* UMGlobalMessageCache.m */; };
		A6F9FE621EF7FB8E007C203A /* UMGlobalMessageCacheEntry.m in Sources */ = {isa = PBXBuildFile; fileRef = A6C7894A1B4A886C0090FC94 /* UMGlobalMessageCacheEntry.m */; };
		A6F9FE6B1EF7FC39007C203A /* libiconv.2.dylib in Frameworks */ = {isa = PBXBuildFile; fileRef = A6DC79991DE65D17003BBA67 /* libiconv.2.dylib */; };
/* End PBXBuildFile section */

/* Begin PBXCopyFilesBuildPhase section */
		A61958942192D76B00BEB8A5 /* CopyFiles */ = {
			isa = PBXCopyFilesBuildPhase;
			buildActionMask = 2147483647;
			dstPath = /usr/share/man/man1/;
			dstSubfolderSpec = 0;
			files = (
			);
			runOnlyForDeploymentPostprocessing = 1;
		};
		A6521E0C2334E5A0004C8C1F /* CopyFiles */ = {
			isa = PBXCopyFilesBuildPhase;
			buildActionMask = 2147483647;
			dstPath = /usr/share/man/man1/;
			dstSubfolderSpec = 0;
			files = (
			);
			runOnlyForDeploymentPostprocessing = 1;
		};
		A6981AB0233B2B7800D666D4 /* CopyFiles */ = {
			isa = PBXCopyFilesBuildPhase;
			buildActionMask = 2147483647;
			dstPath = /usr/share/man/man1/;
			dstSubfolderSpec = 0;
			files = (
			);
			runOnlyForDeploymentPostprocessing = 1;
		};
/* End PBXCopyFilesBuildPhase section */

/* Begin PBXFileReference section */
		A61958962192D76B00BEB8A5 /* decode-sms */ = {isa = PBXFileReference; explicitFileType = "compiled.mach-o.executable"; includeInIndex = 0; path = "decode-sms"; sourceTree = BUILT_PRODUCTS_DIR; };
		A61958982192D76B00BEB8A5 /* main.m */ = {isa = PBXFileReference; lastKnownFileType = sourcecode.c.objc; path = main.m; sourceTree = "<group>"; };
		A641CEA31B42014800854472 /* Info.plist */ = {isa = PBXFileReference; lastKnownFileType = text.plist.xml; path = Info.plist; sourceTree = "<group>"; };
		A641CEA41B42014800854472 /* ulibsms.h */ = {isa = PBXFileReference; lastKnownFileType = sourcecode.c.h; path = ulibsms.h; sourceTree = "<group>"; };
		A641CEAA1B42014800854472 /* ulibsmsTests.xctest */ = {isa = PBXFileReference; explicitFileType = wrapper.cfbundle; includeInIndex = 0; path = ulibsmsTests.xctest; sourceTree = BUILT_PRODUCTS_DIR; };
		A641CEB01B42014800854472 /* Info.plist */ = {isa = PBXFileReference; lastKnownFileType = text.plist.xml; path = Info.plist; sourceTree = "<group>"; };
		A641CEB11B42014800854472 /* ulibsmsTests.m */ = {isa = PBXFileReference; lastKnownFileType = sourcecode.c.objc; path = ulibsmsTests.m; sourceTree = "<group>"; };
		A64612D41D41F12B00211137 /* UMSMS.h */ = {isa = PBXFileReference; fileEncoding = 4; lastKnownFileType = sourcecode.c.h; path = UMSMS.h; sourceTree = "<group>"; };
		A64612D51D41F12B00211137 /* UMSMS.m */ = {isa = PBXFileReference; fileEncoding = 4; lastKnownFileType = sourcecode.c.objc; path = UMSMS.m; sourceTree = "<group>"; };
		A6521E102334E5A0004C8C1F /* decode-gsm7 */ = {isa = PBXFileReference; explicitFileType = "compiled.mach-o.executable"; includeInIndex = 0; path = "decode-gsm7"; sourceTree = BUILT_PRODUCTS_DIR; };
		A6521E132334E5C7004C8C1F /* main.m */ = {isa = PBXFileReference; lastKnownFileType = sourcecode.c.objc; path = main.m; sourceTree = "<group>"; };
		A65C7C0B23460A110013DDC3 /* UMSATCommands.h */ = {isa = PBXFileReference; lastKnownFileType = sourcecode.c.h; path = UMSATCommands.h; sourceTree = "<group>"; };
		A65C7C0C23460A110013DDC3 /* UMSATCommands.m */ = {isa = PBXFileReference; lastKnownFileType = sourcecode.c.objc; path = UMSATCommands.m; sourceTree = "<group>"; };
		A6645191234CE5CB006A2FA2 /* UMSATToken.h */ = {isa = PBXFileReference; lastKnownFileType = sourcecode.c.h; path = UMSATToken.h; sourceTree = "<group>"; };
		A6645192234CE5CB006A2FA2 /* UMSATToken.m */ = {isa = PBXFileReference; lastKnownFileType = sourcecode.c.objc; path = UMSATToken.m; sourceTree = "<group>"; };
		A66C142023592D9A0019C5EA /* UMSATTokenDeck.h */ = {isa = PBXFileReference; lastKnownFileType = sourcecode.c.h; path = UMSATTokenDeck.h; sourceTree = "<group>"; };
		A66C142123592D9A0019C5EA /* UMSATTokenDeck.m */ = {isa = PBXFileReference; lastKnownFileType = sourcecode.c.objc; path = UMSATTokenDeck.m; sourceTree = "<group>"; };
		A66C142323592DA70019C5EA /* UMSATTokenCard.h */ = {isa = PBXFileReference; lastKnownFileType = sourcecode.c.h; path = UMSATTokenCard.h; sourceTree = "<group>"; };
		A66C142423592DA70019C5EA /* UMSATTokenCard.m */ = {isa = PBXFileReference; lastKnownFileType = sourcecode.c.objc; path = UMSATTokenCard.m; sourceTree = "<group>"; };
		A66C14262359322D0019C5EA /* UMSATTokenDeckId.h */ = {isa = PBXFileReference; lastKnownFileType = sourcecode.c.h; path = UMSATTokenDeckId.h; sourceTree = "<group>"; };
		A66C14272359322D0019C5EA /* UMSATTokenDeckId.m */ = {isa = PBXFileReference; lastKnownFileType = sourcecode.c.objc; path = UMSATTokenDeckId.m; sourceTree = "<group>"; };
		A66C1429235932360019C5EA /* UMSATTokenSPS.h */ = {isa = PBXFileReference; lastKnownFileType = sourcecode.c.h; path = UMSATTokenSPS.h; sourceTree = "<group>"; };
		A66C142A235932360019C5EA /* UMSATTokenSPS.m */ = {isa = PBXFileReference; lastKnownFileType = sourcecode.c.objc; path = UMSATTokenSPS.m; sourceTree = "<group>"; };
		A66C142C2359323F0019C5EA /* UMSATTokenTextElementTable.h */ = {isa = PBXFileReference; lastKnownFileType = sourcecode.c.h; path = UMSATTokenTextElementTable.h; sourceTree = "<group>"; };
		A66C142D2359323F0019C5EA /* UMSATTokenTextElementTable.m */ = {isa = PBXFileReference; lastKnownFileType = sourcecode.c.objc; path = UMSATTokenTextElementTable.m; sourceTree = "<group>"; };
		A66C142F235932530019C5EA /* UMSATTokenCardId.h */ = {isa = PBXFileReference; lastKnownFileType = sourcecode.c.h; path = UMSATTokenCardId.h; sourceTree = "<group>"; };
		A66C1430235932530019C5EA /* UMSATTokenCardId.m */ = {isa = PBXFileReference; lastKnownFileType = sourcecode.c.objc; path = UMSATTokenCardId.m; sourceTree = "<group>"; };
		A66C14322359325C0019C5EA /* UMSATTokenCardTemplate.h */ = {isa = PBXFileReference; lastKnownFileType = sourcecode.c.h; path = UMSATTokenCardTemplate.h; sourceTree = "<group>"; };
		A66C14332359325C0019C5EA /* UMSATTokenCardTemplate.m */ = {isa = PBXFileReference; lastKnownFileType = sourcecode.c.objc; path = UMSATTokenCardTemplate.m; sourceTree = "<group>"; };
		A66C1435235932640019C5EA /* UMSATTokenVariableReference.h */ = {isa = PBXFileReference; lastKnownFileType = sourcecode.c.h; path = UMSATTokenVariableReference.h; sourceTree = "<group>"; };
		A66C1436235932640019C5EA /* UMSATTokenVariableReference.m */ = {isa = PBXFileReference; lastKnownFileType = sourcecode.c.objc; path = UMSATTokenVariableReference.m; sourceTree = "<group>"; };
		A66C14382359326C0019C5EA /* UMSATTokenVariableReferenceList.h */ = {isa = PBXFileReference; lastKnownFileType = sourcecode.c.h; path = UMSATTokenVariableReferenceList.h; sourceTree = "<group>"; };
		A66C14392359326C0019C5EA /* UMSATTokenVariableReferenceList.m */ = {isa = PBXFileReference; lastKnownFileType = sourcecode.c.objc; path = UMSATTokenVariableReferenceList.m; sourceTree = "<group>"; };
		A66C143B235932740019C5EA /* UMSATTokenInlineValue.h */ = {isa = PBXFileReference; lastKnownFileType = sourcecode.c.h; path = UMSATTokenInlineValue.h; sourceTree = "<group>"; };
		A66C143C235932740019C5EA /* UMSATTokenInlineValue.m */ = {isa = PBXFileReference; lastKnownFileType = sourcecode.c.objc; path = UMSATTokenInlineValue.m; sourceTree = "<group>"; };
		A66C143E2359327C0019C5EA /* UMSATTokenInputList.h */ = {isa = PBXFileReference; lastKnownFileType = sourcecode.c.h; path = UMSATTokenInputList.h; sourceTree = "<group>"; };
		A66C143F2359327C0019C5EA /* UMSATTokenInputList.m */ = {isa = PBXFileReference; lastKnownFileType = sourcecode.c.objc; path = UMSATTokenInputList.m; sourceTree = "<group>"; };
		A66C1441235932850019C5EA /* UMSATTokenParameter.h */ = {isa = PBXFileReference; lastKnownFileType = sourcecode.c.h; path = UMSATTokenParameter.h; sourceTree = "<group>"; };
		A66C1442235932850019C5EA /* UMSATTokenParameter.m */ = {isa = PBXFileReference; lastKnownFileType = sourcecode.c.objc; path = UMSATTokenParameter.m; sourceTree = "<group>"; };
		A66C14442359328E0019C5EA /* UMSATTokenURLReference.h */ = {isa = PBXFileReference; lastKnownFileType = sourcecode.c.h; path = UMSATTokenURLReference.h; sourceTree = "<group>"; };
		A66C14452359328E0019C5EA /* UMSATTokenURLReference.m */ = {isa = PBXFileReference; lastKnownFileType = sourcecode.c.objc; path = UMSATTokenURLReference.m; sourceTree = "<group>"; };
		A66C1447235932960019C5EA /* UMSATTokenAddressReference.h */ = {isa = PBXFileReference; lastKnownFileType = sourcecode.c.h; path = UMSATTokenAddressReference.h; sourceTree = "<group>"; };
		A66C1448235932960019C5EA /* UMSATTokenAddressReference.m */ = {isa = PBXFileReference; lastKnownFileType = sourcecode.c.objc; path = UMSATTokenAddressReference.m; sourceTree = "<group>"; };
		A66C144A2359329E0019C5EA /* UMSATTokenConstantParameter.h */ = {isa = PBXFileReference; lastKnownFileType = sourcecode.c.h; path = UMSATTokenConstantParameter.h; sourceTree = "<group>"; };
		A66C144B2359329E0019C5EA /* UMSATTokenConstantParameter.m */ = {isa = PBXFileReference; lastKnownFileType = sourcecode.c.objc; path = UMSATTokenConstantParameter.m; sourceTree = "<group>"; };
		A66C144D235932A50019C5EA /* UMSATTokenSecureMessage.h */ = {isa = PBXFileReference; lastKnownFileType = sourcecode.c.h; path = UMSATTokenSecureMessage.h; sourceTree = "<group>"; };
		A66C144E235932A50019C5EA /* UMSATTokenSecureMessage.m */ = {isa = PBXFileReference; lastKnownFileType = sourcecode.c.objc; path = UMSATTokenSecureMessage.m; sourceTree = "<group>"; };
		A66C1450235932AD0019C5EA /* UMSATTokenCouple.h */ = {isa = PBXFileReference; lastKnownFileType = sourcecode.c.h; path = UMSATTokenCouple.h; sourceTree = "<group>"; };
		A66C1451235932AD0019C5EA /* UMSATTokenCouple.m */ = {isa = PBXFileReference; lastKnownFileType = sourcecode.c.objc; path = UMSATTokenCouple.m; sourceTree = "<group>"; };
		A66C1453235932B40019C5EA /* UMSATTokenInitVariable.h */ = {isa = PBXFileReference; lastKnownFileType = sourcecode.c.h; path = UMSATTokenInitVariable.h; sourceTree = "<group>"; };
		A66C1454235932B40019C5EA /* UMSATTokenInitVariable.m */ = {isa = PBXFileReference; lastKnownFileType = sourcecode.c.objc; path = UMSATTokenInitVariable.m; sourceTree = "<group>"; };
		A66C1456235932BD0019C5EA /* UMSATTokenInitVariableSelected.h */ = {isa = PBXFileReference; lastKnownFileType = sourcecode.c.h; path = UMSATTokenInitVariableSelected.h; sourceTree = "<group>"; };
		A66C1457235932BD0019C5EA /* UMSATTokenInitVariableSelected.m */ = {isa = PBXFileReference; lastKnownFileType = sourcecode.c.objc; path = UMSATTokenInitVariableSelected.m; sourceTree = "<group>"; };
		A66C1459235932C50019C5EA /* UMSATTokenGetEnvironmentVariable.h */ = {isa = PBXFileReference; lastKnownFileType = sourcecode.c.h; path = UMSATTokenGetEnvironmentVariable.h; sourceTree = "<group>"; };
		A66C145A235932C50019C5EA /* UMSATTokenGetEnvironmentVariable.m */ = {isa = PBXFileReference; lastKnownFileType = sourcecode.c.objc; path = UMSATTokenGetEnvironmentVariable.m; sourceTree = "<group>"; };
		A66C145C235932CD0019C5EA /* UMSATTokenSetHelp.h */ = {isa = PBXFileReference; lastKnownFileType = sourcecode.c.h; path = UMSATTokenSetHelp.h; sourceTree = "<group>"; };
		A66C145D235932CD0019C5EA /* UMSATTokenSetHelp.m */ = {isa = PBXFileReference; lastKnownFileType = sourcecode.c.objc; path = UMSATTokenSetHelp.m; sourceTree = "<group>"; };
		A66C145F235932D50019C5EA /* UMSATTokenConcatenate.h */ = {isa = PBXFileReference; lastKnownFileType = sourcecode.c.h; path = UMSATTokenConcatenate.h; sourceTree = "<group>"; };
		A66C1460235932D50019C5EA /* UMSATTokenConcatenate.m */ = {isa = PBXFileReference; lastKnownFileType = sourcecode.c.objc; path = UMSATTokenConcatenate.m; sourceTree = "<group>"; };
		A66C1462235932DD0019C5EA /* UMSATTokenExtract.h */ = {isa = PBXFileReference; lastKnownFileType = sourcecode.c.h; path = UMSATTokenExtract.h; sourceTree = "<group>"; };
		A66C1463235932DD0019C5EA /* UMSATTokenExtract.m */ = {isa = PBXFileReference; lastKnownFileType = sourcecode.c.objc; path = UMSATTokenExtract.m; sourceTree = "<group>"; };
		A66C1465235932E50019C5EA /* UMSATTokenEcrypt.h */ = {isa = PBXFileReference; lastKnownFileType = sourcecode.c.h; path = UMSATTokenEcrypt.h; sourceTree = "<group>"; };
		A66C1466235932E50019C5EA /* UMSATTokenEcrypt.m */ = {isa = PBXFileReference; lastKnownFileType = sourcecode.c.objc; path = UMSATTokenEcrypt.m; sourceTree = "<group>"; };
		A66C1468235932EE0019C5EA /* UMSATTokenDecrypt.h */ = {isa = PBXFileReference; lastKnownFileType = sourcecode.c.h; path = UMSATTokenDecrypt.h; sourceTree = "<group>"; };
		A66C1469235932EE0019C5EA /* UMSATTokenDecrypt.m */ = {isa = PBXFileReference; lastKnownFileType = sourcecode.c.objc; path = UMSATTokenDecrypt.m; sourceTree = "<group>"; };
		A66C146B235932F50019C5EA /* UMSATTokenGoBack.h */ = {isa = PBXFileReference; lastKnownFileType = sourcecode.c.h; path = UMSATTokenGoBack.h; sourceTree = "<group>"; };
		A66C146C235932F50019C5EA /* UMSATTokenGoBack.m */ = {isa = PBXFileReference; lastKnownFileType = sourcecode.c.objc; path = UMSATTokenGoBack.m; sourceTree = "<group>"; };
		A66C146E235932FC0019C5EA /* UMSATTokenGoSelected.h */ = {isa = PBXFileReference; lastKnownFileType = sourcecode.c.h; path = UMSATTokenGoSelected.h; sourceTree = "<group>"; };
		A66C146F235932FC0019C5EA /* UMSATTokenGoSelected.m */ = {isa = PBXFileReference; lastKnownFileType = sourcecode.c.objc; path = UMSATTokenGoSelected.m; sourceTree = "<group>"; };
		A66C1471235933030019C5EA /* UMSATTokenSwitchCaseOnVariable.h */ = {isa = PBXFileReference; lastKnownFileType = sourcecode.c.h; path = UMSATTokenSwitchCaseOnVariable.h; sourceTree = "<group>"; };
		A66C1472235933030019C5EA /* UMSATTokenSwitchCaseOnVariable.m */ = {isa = PBXFileReference; lastKnownFileType = sourcecode.c.objc; path = UMSATTokenSwitchCaseOnVariable.m; sourceTree = "<group>"; };
		A66C14742359330B0019C5EA /* UMSATTokenExit.h */ = {isa = PBXFileReference; lastKnownFileType = sourcecode.c.h; path = UMSATTokenExit.h; sourceTree = "<group>"; };
		A66C14752359330B0019C5EA /* UMSATTokenExit.m */ = {isa = PBXFileReference; lastKnownFileType = sourcecode.c.objc; path = UMSATTokenExit.m; sourceTree = "<group>"; };
		A66C1477235933120019C5EA /* UMSATTokenManageContextualMenu.h */ = {isa = PBXFileReference; lastKnownFileType = sourcecode.c.h; path = UMSATTokenManageContextualMenu.h; sourceTree = "<group>"; };
		A66C1478235933120019C5EA /* UMSATTokenManageContextualMenu.m */ = {isa = PBXFileReference; lastKnownFileType = sourcecode.c.objc; path = UMSATTokenManageContextualMenu.m; sourceTree = "<group>"; };
		A66C147A235933190019C5EA /* UMSATTokenExecuteSTKCommand.h */ = {isa = PBXFileReference; lastKnownFileType = sourcecode.c.h; path = UMSATTokenExecuteSTKCommand.h; sourceTree = "<group>"; };
		A66C147B235933190019C5EA /* UMSATTokenExecuteSTKCommand.m */ = {isa = PBXFileReference; lastKnownFileType = sourcecode.c.objc; path = UMSATTokenExecuteSTKCommand.m; sourceTree = "<group>"; };
		A66C147D235933220019C5EA /* UMSATTokenExecutePlugin.h */ = {isa = PBXFileReference; lastKnownFileType = sourcecode.c.h; path = UMSATTokenExecutePlugin.h; sourceTree = "<group>"; };
		A66C147E235933220019C5EA /* UMSATTokenExecutePlugin.m */ = {isa = PBXFileReference; lastKnownFileType = sourcecode.c.objc; path = UMSATTokenExecutePlugin.m; sourceTree = "<group>"; };
		A67989D022BB68DB0019806C /* ulib.framework */ = {isa = PBXFileReference; lastKnownFileType = wrapper.framework; name = ulib.framework; path = "/Library/Application Support/FinkTelecomServices/frameworks/ulib.framework"; sourceTree = "<absolute>"; };
		A67989D422BB68F40019806C /* ulibgsmmap.framework */ = {isa = PBXFileReference; lastKnownFileType = wrapper.framework; name = ulibgsmmap.framework; path = "/Library/Application Support/FinkTelecomServices/frameworks/ulibgsmmap.framework"; sourceTree = "<absolute>"; };
		A682DB5A1B455ADF0090FC94 /* UMSMSRetryQueue.h */ = {isa = PBXFileReference; fileEncoding = 4; lastKnownFileType = sourcecode.c.h; path = UMSMSRetryQueue.h; sourceTree = "<group>"; };
		A682DB5B1B455ADF0090FC94 /* UMSMSRetryQueue.m */ = {isa = PBXFileReference; fileEncoding = 4; lastKnownFileType = sourcecode.c.objc; path = UMSMSRetryQueue.m; sourceTree = "<group>"; };
		A682DB601B4566A50090FC94 /* UMSMSTransactionProtocol.h */ = {isa = PBXFileReference; fileEncoding = 4; lastKnownFileType = sourcecode.c.h; path = UMSMSTransactionProtocol.h; sourceTree = "<group>"; };
		A68D2146241153F7004C629A /* ulibsccp.framework */ = {isa = PBXFileReference; lastKnownFileType = wrapper.framework; name = ulibsccp.framework; path = "/Library/Application Support/FinkTelecomServices/frameworks/ulibsccp.framework"; sourceTree = "<absolute>"; };
		A68D21482411540E004C629A /* ulibtcap.framework */ = {isa = PBXFileReference; lastKnownFileType = wrapper.framework; name = ulibtcap.framework; path = "/Library/Application Support/FinkTelecomServices/frameworks/ulibtcap.framework"; sourceTree = "<absolute>"; };
		A68D214A24115415004C629A /* ulibgt.framework */ = {isa = PBXFileReference; lastKnownFileType = wrapper.framework; name = ulibgt.framework; path = "/Library/Application Support/FinkTelecomServices/frameworks/ulibgt.framework"; sourceTree = "<absolute>"; };
		A6909AAC1F69432A000254E8 /* UMGSMNationalLanguageIdentifier.h */ = {isa = PBXFileReference; fileEncoding = 4; lastKnownFileType = sourcecode.c.h; path = UMGSMNationalLanguageIdentifier.h; sourceTree = "<group>"; };
		A6909AB01F694638000254E8 /* UMGSMCharacterTable.h */ = {isa = PBXFileReference; fileEncoding = 4; lastKnownFileType = sourcecode.c.h; path = UMGSMCharacterTable.h; sourceTree = "<group>"; };
		A6909AB11F694638000254E8 /* UMGSMCharacterTable.m */ = {isa = PBXFileReference; fileEncoding = 4; lastKnownFileType = sourcecode.c.objc; path = UMGSMCharacterTable.m; sourceTree = "<group>"; };
		A6981AB4233B2B7800D666D4 /* decode-st */ = {isa = PBXFileReference; explicitFileType = "compiled.mach-o.executable"; includeInIndex = 0; path = "decode-st"; sourceTree = BUILT_PRODUCTS_DIR; };
		A6981AB7233B2B9C00D666D4 /* main.m */ = {isa = PBXFileReference; lastKnownFileType = sourcecode.c.objc; path = main.m; sourceTree = "<group>"; };
		A6B7FBB41B44A9C500854472 /* UMSMSWaitingQueue.h */ = {isa = PBXFileReference; fileEncoding = 4; lastKnownFileType = sourcecode.c.h; path = UMSMSWaitingQueue.h; sourceTree = "<group>"; };
		A6B7FBB51B44A9C500854472 /* UMSMSWaitingQueue.m */ = {isa = PBXFileReference; fileEncoding = 4; lastKnownFileType = sourcecode.c.objc; path = UMSMSWaitingQueue.m; sourceTree = "<group>"; };
		A6C789451B4A885E0090FC94 /* UMGlobalMessageCache.h */ = {isa = PBXFileReference; fileEncoding = 4; lastKnownFileType = sourcecode.c.h; path = UMGlobalMessageCache.h; sourceTree = "<group>"; };
		A6C789461B4A885E0090FC94 /* UMGlobalMessageCache.m */ = {isa = PBXFileReference; fileEncoding = 4; lastKnownFileType = sourcecode.c.objc; path = UMGlobalMessageCache.m; sourceTree = "<group>"; };
		A6C789491B4A886C0090FC94 /* UMGlobalMessageCacheEntry.h */ = {isa = PBXFileReference; fileEncoding = 4; lastKnownFileType = sourcecode.c.h; path = UMGlobalMessageCacheEntry.h; sourceTree = "<group>"; };
		A6C7894A1B4A886C0090FC94 /* UMGlobalMessageCacheEntry.m */ = {isa = PBXFileReference; fileEncoding = 4; lastKnownFileType = sourcecode.c.objc; path = UMGlobalMessageCacheEntry.m; sourceTree = "<group>"; };
		A6C789511B4ABBFF0090FC94 /* UMHLRCache.h */ = {isa = PBXFileReference; fileEncoding = 4; lastKnownFileType = sourcecode.c.h; path = UMHLRCache.h; sourceTree = "<group>"; };
		A6C789521B4ABBFF0090FC94 /* UMHLRCache.m */ = {isa = PBXFileReference; fileEncoding = 4; lastKnownFileType = sourcecode.c.objc; path = UMHLRCache.m; sourceTree = "<group>"; };
		A6C789551B4ABC0A0090FC94 /* UMHLRCacheEntry.h */ = {isa = PBXFileReference; fileEncoding = 4; lastKnownFileType = sourcecode.c.h; path = UMHLRCacheEntry.h; sourceTree = "<group>"; };
		A6C789561B4ABC0A0090FC94 /* UMHLRCacheEntry.m */ = {isa = PBXFileReference; fileEncoding = 4; lastKnownFileType = sourcecode.c.objc; path = UMHLRCacheEntry.m; sourceTree = "<group>"; };
		A6D10CCF1D4F34EB001D021B /* UMSMS_Address.h */ = {isa = PBXFileReference; fileEncoding = 4; lastKnownFileType = sourcecode.c.h; path = UMSMS_Address.h; sourceTree = "<group>"; };
		A6D10CD01D4F34EB001D021B /* UMSMS_Address.m */ = {isa = PBXFileReference; fileEncoding = 4; lastKnownFileType = sourcecode.c.objc; path = UMSMS_Address.m; sourceTree = "<group>"; };
		A6D2B7BA1B453E490090FC94 /* UMSMSInProgressQueue.h */ = {isa = PBXFileReference; lastKnownFileType = sourcecode.c.h; path = UMSMSInProgressQueue.h; sourceTree = "<group>"; };
		A6D2B7BB1B453E490090FC94 /* UMSMSInProgressQueue.m */ = {isa = PBXFileReference; lastKnownFileType = sourcecode.c.objc; path = UMSMSInProgressQueue.m; sourceTree = "<group>"; };
		A6DC79991DE65D17003BBA67 /* libiconv.2.dylib */ = {isa = PBXFileReference; lastKnownFileType = "compiled.mach-o.dylib"; name = libiconv.2.dylib; path = /usr/lib/libiconv.2.dylib; sourceTree = "<absolute>"; };
		A6ED5C391B434FAD00854472 /* UMLayerSMS.h */ = {isa = PBXFileReference; fileEncoding = 4; lastKnownFileType = sourcecode.c.h; path = UMLayerSMS.h; sourceTree = "<group>"; };
		A6ED5C3A1B434FAD00854472 /* UMLayerSMS.m */ = {isa = PBXFileReference; fileEncoding = 4; lastKnownFileType = sourcecode.c.objc; path = UMLayerSMS.m; sourceTree = "<group>"; };
		A6F6940E1B4E84600090FC94 /* configure.in */ = {isa = PBXFileReference; lastKnownFileType = text; path = configure.in; sourceTree = "<group>"; };
		A6F6940F1B4E84600090FC94 /* Makefile.linux.in */ = {isa = PBXFileReference; lastKnownFileType = text; path = Makefile.linux.in; sourceTree = "<group>"; };
		A6F694101B4E84600090FC94 /* Makefile.osx.in */ = {isa = PBXFileReference; lastKnownFileType = text; path = Makefile.osx.in; sourceTree = "<group>"; };
		A6F694111B4E84600090FC94 /* ulibsms.pc.in */ = {isa = PBXFileReference; lastKnownFileType = text; path = ulibsms.pc.in; sourceTree = "<group>"; };
		A6F694121B4E84600090FC94 /* VERSION */ = {isa = PBXFileReference; lastKnownFileType = text; path = VERSION; sourceTree = "<group>"; };
		A6F9FE461EF7FA33007C203A /* ulibsms.framework */ = {isa = PBXFileReference; explicitFileType = wrapper.framework; includeInIndex = 0; path = ulibsms.framework; sourceTree = BUILT_PRODUCTS_DIR; };
		A6F9FE481EF7FA33007C203A /* ulibsms.h */ = {isa = PBXFileReference; lastKnownFileType = sourcecode.c.h; path = ulibsms.h; sourceTree = "<group>"; };
		A6F9FE491EF7FA33007C203A /* Info.plist */ = {isa = PBXFileReference; lastKnownFileType = text.plist.xml; path = Info.plist; sourceTree = "<group>"; };
/* End PBXFileReference section */

/* Begin PBXFrameworksBuildPhase section */
		A61958932192D76B00BEB8A5 /* Frameworks */ = {
			isa = PBXFrameworksBuildPhase;
			buildActionMask = 2147483647;
			files = (
				A67989D722BB68F40019806C /* ulibgsmmap.framework in Frameworks */,
				A67989D322BB68DB0019806C /* ulib.framework in Frameworks */,
				A619589F2192D78300BEB8A5 /* ulibsms.framework in Frameworks */,
			);
			runOnlyForDeploymentPostprocessing = 0;
		};
		A641CEA71B42014800854472 /* Frameworks */ = {
			isa = PBXFrameworksBuildPhase;
			buildActionMask = 2147483647;
			files = (
				A664D58D1F6A61BB00BD455E /* libiconv.2.dylib in Frameworks */,
				A67989D622BB68F40019806C /* ulibgsmmap.framework in Frameworks */,
				A67989D222BB68DB0019806C /* ulib.framework in Frameworks */,
			);
			runOnlyForDeploymentPostprocessing = 0;
		};
		A6521E072334E5A0004C8C1F /* Frameworks */ = {
			isa = PBXFrameworksBuildPhase;
			buildActionMask = 2147483647;
			files = (
				A6521E092334E5A0004C8C1F /* ulibgsmmap.framework in Frameworks */,
				A6521E0A2334E5A0004C8C1F /* ulib.framework in Frameworks */,
				A6521E0B2334E5A0004C8C1F /* ulibsms.framework in Frameworks */,
			);
			runOnlyForDeploymentPostprocessing = 0;
		};
		A6981AAB233B2B7800D666D4 /* Frameworks */ = {
			isa = PBXFrameworksBuildPhase;
			buildActionMask = 2147483647;
			files = (
				A6981AAE233B2B7800D666D4 /* ulib.framework in Frameworks */,
			);
			runOnlyForDeploymentPostprocessing = 0;
		};
		A6F9FE421EF7FA33007C203A /* Frameworks */ = {
			isa = PBXFrameworksBuildPhase;
			buildActionMask = 2147483647;
			files = (
				A68D21492411540F004C629A /* ulibtcap.framework in Frameworks */,
				A67989D522BB68F40019806C /* ulibgsmmap.framework in Frameworks */,
				A6F9FE6B1EF7FC39007C203A /* libiconv.2.dylib in Frameworks */,
				A67989D122BB68DB0019806C /* ulib.framework in Frameworks */,
				A68D2147241153F7004C629A /* ulibsccp.framework in Frameworks */,
				A68D214B24115415004C629A /* ulibgt.framework in Frameworks */,
			);
			runOnlyForDeploymentPostprocessing = 0;
		};
/* End PBXFrameworksBuildPhase section */

/* Begin PBXGroup section */
		A61958972192D76B00BEB8A5 /* decode-sms */ = {
			isa = PBXGroup;
			children = (
				A61958982192D76B00BEB8A5 /* main.m */,
			);
			path = "decode-sms";
			sourceTree = "<group>";
		};
		A641CE951B42014800854472 = {
			isa = PBXGroup;
			children = (
				A6F6940E1B4E84600090FC94 /* configure.in */,
				A6F6940F1B4E84600090FC94 /* Makefile.linux.in */,
				A6F694101B4E84600090FC94 /* Makefile.osx.in */,
				A6F694111B4E84600090FC94 /* ulibsms.pc.in */,
				A6F694121B4E84600090FC94 /* VERSION */,
				A641CEA11B42014800854472 /* ulibsms */,
				A641CEAE1B42014800854472 /* ulibsmsTests */,
				A6F9FE471EF7FA33007C203A /* ulibsms */,
				A6981AB5233B2B8600D666D4 /* decode-st */,
				A6521E112334E5AD004C8C1F /* decode-gsm7 */,
				A61958972192D76B00BEB8A5 /* decode-sms */,
				A641CEA01B42014800854472 /* Products */,
				A6ED5C8E1B435C4500854472 /* Frameworks */,
			);
			sourceTree = "<group>";
		};
		A641CEA01B42014800854472 /* Products */ = {
			isa = PBXGroup;
			children = (
				A641CEAA1B42014800854472 /* ulibsmsTests.xctest */,
				A6F9FE461EF7FA33007C203A /* ulibsms.framework */,
				A61958962192D76B00BEB8A5 /* decode-sms */,
				A6521E102334E5A0004C8C1F /* decode-gsm7 */,
				A6981AB4233B2B7800D666D4 /* decode-st */,
			);
			name = Products;
			sourceTree = "<group>";
		};
		A641CEA11B42014800854472 /* ulibsms */ = {
			isa = PBXGroup;
			children = (
				A641CEA41B42014800854472 /* ulibsms.h */,
				A64612D41D41F12B00211137 /* UMSMS.h */,
				A64612D51D41F12B00211137 /* UMSMS.m */,
				A6D10CCF1D4F34EB001D021B /* UMSMS_Address.h */,
				A6D10CD01D4F34EB001D021B /* UMSMS_Address.m */,
				A682DB601B4566A50090FC94 /* UMSMSTransactionProtocol.h */,
				A6ED5C391B434FAD00854472 /* UMLayerSMS.h */,
				A6ED5C3A1B434FAD00854472 /* UMLayerSMS.m */,
				A6B7FBB41B44A9C500854472 /* UMSMSWaitingQueue.h */,
				A6B7FBB51B44A9C500854472 /* UMSMSWaitingQueue.m */,
				A6D2B7BA1B453E490090FC94 /* UMSMSInProgressQueue.h */,
				A6D2B7BB1B453E490090FC94 /* UMSMSInProgressQueue.m */,
				A6C789511B4ABBFF0090FC94 /* UMHLRCache.h */,
				A6C789521B4ABBFF0090FC94 /* UMHLRCache.m */,
				A6C789551B4ABC0A0090FC94 /* UMHLRCacheEntry.h */,
				A6C789561B4ABC0A0090FC94 /* UMHLRCacheEntry.m */,
				A682DB5A1B455ADF0090FC94 /* UMSMSRetryQueue.h */,
				A682DB5B1B455ADF0090FC94 /* UMSMSRetryQueue.m */,
				A641CEA21B42014800854472 /* Supporting Files */,
				A6C789451B4A885E0090FC94 /* UMGlobalMessageCache.h */,
				A6C789461B4A885E0090FC94 /* UMGlobalMessageCache.m */,
				A6C789491B4A886C0090FC94 /* UMGlobalMessageCacheEntry.h */,
				A6C7894A1B4A886C0090FC94 /* UMGlobalMessageCacheEntry.m */,
				A6909AAC1F69432A000254E8 /* UMGSMNationalLanguageIdentifier.h */,
				A6909AB01F694638000254E8 /* UMGSMCharacterTable.h */,
				A6909AB11F694638000254E8 /* UMGSMCharacterTable.m */,
			);
			path = ulibsms;
			sourceTree = "<group>";
		};
		A641CEA21B42014800854472 /* Supporting Files */ = {
			isa = PBXGroup;
			children = (
				A641CEA31B42014800854472 /* Info.plist */,
			);
			name = "Supporting Files";
			sourceTree = "<group>";
		};
		A641CEAE1B42014800854472 /* ulibsmsTests */ = {
			isa = PBXGroup;
			children = (
				A641CEB11B42014800854472 /* ulibsmsTests.m */,
				A641CEAF1B42014800854472 /* Supporting Files */,
			);
			path = ulibsmsTests;
			sourceTree = "<group>";
		};
		A641CEAF1B42014800854472 /* Supporting Files */ = {
			isa = PBXGroup;
			children = (
				A641CEB01B42014800854472 /* Info.plist */,
			);
			name = "Supporting Files";
			sourceTree = "<group>";
		};
		A6521E112334E5AD004C8C1F /* decode-gsm7 */ = {
			isa = PBXGroup;
			children = (
				A6521E132334E5C7004C8C1F /* main.m */,
			);
			path = "decode-gsm7";
			sourceTree = "<group>";
		};
		A6981AB5233B2B8600D666D4 /* decode-st */ = {
			isa = PBXGroup;
			children = (
				A6981AB7233B2B9C00D666D4 /* main.m */,
				A65C7C0B23460A110013DDC3 /* UMSATCommands.h */,
				A65C7C0C23460A110013DDC3 /* UMSATCommands.m */,
				A6645191234CE5CB006A2FA2 /* UMSATToken.h */,
				A6645192234CE5CB006A2FA2 /* UMSATToken.m */,
				A66C14262359322D0019C5EA /* UMSATTokenDeckId.h */,
				A66C14272359322D0019C5EA /* UMSATTokenDeckId.m */,
				A66C1429235932360019C5EA /* UMSATTokenSPS.h */,
				A66C142A235932360019C5EA /* UMSATTokenSPS.m */,
				A66C142C2359323F0019C5EA /* UMSATTokenTextElementTable.h */,
				A66C142D2359323F0019C5EA /* UMSATTokenTextElementTable.m */,
				A66C142F235932530019C5EA /* UMSATTokenCardId.h */,
				A66C1430235932530019C5EA /* UMSATTokenCardId.m */,
				A66C14322359325C0019C5EA /* UMSATTokenCardTemplate.h */,
				A66C14332359325C0019C5EA /* UMSATTokenCardTemplate.m */,
				A66C1435235932640019C5EA /* UMSATTokenVariableReference.h */,
				A66C1436235932640019C5EA /* UMSATTokenVariableReference.m */,
				A66C14382359326C0019C5EA /* UMSATTokenVariableReferenceList.h */,
				A66C14392359326C0019C5EA /* UMSATTokenVariableReferenceList.m */,
				A66C143B235932740019C5EA /* UMSATTokenInlineValue.h */,
				A66C143C235932740019C5EA /* UMSATTokenInlineValue.m */,
				A66C143E2359327C0019C5EA /* UMSATTokenInputList.h */,
				A66C143F2359327C0019C5EA /* UMSATTokenInputList.m */,
				A66C1441235932850019C5EA /* UMSATTokenParameter.h */,
				A66C1442235932850019C5EA /* UMSATTokenParameter.m */,
				A66C14442359328E0019C5EA /* UMSATTokenURLReference.h */,
				A66C14452359328E0019C5EA /* UMSATTokenURLReference.m */,
				A66C1447235932960019C5EA /* UMSATTokenAddressReference.h */,
				A66C1448235932960019C5EA /* UMSATTokenAddressReference.m */,
				A66C144A2359329E0019C5EA /* UMSATTokenConstantParameter.h */,
				A66C144B2359329E0019C5EA /* UMSATTokenConstantParameter.m */,
				A66C144D235932A50019C5EA /* UMSATTokenSecureMessage.h */,
				A66C144E235932A50019C5EA /* UMSATTokenSecureMessage.m */,
				A66C1450235932AD0019C5EA /* UMSATTokenCouple.h */,
				A66C1451235932AD0019C5EA /* UMSATTokenCouple.m */,
				A66C1453235932B40019C5EA /* UMSATTokenInitVariable.h */,
				A66C1454235932B40019C5EA /* UMSATTokenInitVariable.m */,
				A66C1456235932BD0019C5EA /* UMSATTokenInitVariableSelected.h */,
				A66C1457235932BD0019C5EA /* UMSATTokenInitVariableSelected.m */,
				A66C1459235932C50019C5EA /* UMSATTokenGetEnvironmentVariable.h */,
				A66C145A235932C50019C5EA /* UMSATTokenGetEnvironmentVariable.m */,
				A66C145C235932CD0019C5EA /* UMSATTokenSetHelp.h */,
				A66C145D235932CD0019C5EA /* UMSATTokenSetHelp.m */,
				A66C145F235932D50019C5EA /* UMSATTokenConcatenate.h */,
				A66C1460235932D50019C5EA /* UMSATTokenConcatenate.m */,
				A66C1462235932DD0019C5EA /* UMSATTokenExtract.h */,
				A66C1463235932DD0019C5EA /* UMSATTokenExtract.m */,
				A66C1465235932E50019C5EA /* UMSATTokenEcrypt.h */,
				A66C1466235932E50019C5EA /* UMSATTokenEcrypt.m */,
				A66C1468235932EE0019C5EA /* UMSATTokenDecrypt.h */,
				A66C1469235932EE0019C5EA /* UMSATTokenDecrypt.m */,
				A66C146B235932F50019C5EA /* UMSATTokenGoBack.h */,
				A66C146C235932F50019C5EA /* UMSATTokenGoBack.m */,
				A66C146E235932FC0019C5EA /* UMSATTokenGoSelected.h */,
				A66C146F235932FC0019C5EA /* UMSATTokenGoSelected.m */,
				A66C1471235933030019C5EA /* UMSATTokenSwitchCaseOnVariable.h */,
				A66C1472235933030019C5EA /* UMSATTokenSwitchCaseOnVariable.m */,
				A66C14742359330B0019C5EA /* UMSATTokenExit.h */,
				A66C14752359330B0019C5EA /* UMSATTokenExit.m */,
				A66C1477235933120019C5EA /* UMSATTokenManageContextualMenu.h */,
				A66C1478235933120019C5EA /* UMSATTokenManageContextualMenu.m */,
				A66C147A235933190019C5EA /* UMSATTokenExecuteSTKCommand.h */,
				A66C147B235933190019C5EA /* UMSATTokenExecuteSTKCommand.m */,
				A66C147D235933220019C5EA /* UMSATTokenExecutePlugin.h */,
				A66C147E235933220019C5EA /* UMSATTokenExecutePlugin.m */,
				A66C142023592D9A0019C5EA /* UMSATTokenDeck.h */,
				A66C142123592D9A0019C5EA /* UMSATTokenDeck.m */,
				A66C142323592DA70019C5EA /* UMSATTokenCard.h */,
				A66C142423592DA70019C5EA /* UMSATTokenCard.m */,
			);
			path = "decode-st";
			sourceTree = "<group>";
		};
		A6ED5C8E1B435C4500854472 /* Frameworks */ = {
			isa = PBXGroup;
			children = (
				A68D214A24115415004C629A /* ulibgt.framework */,
				A68D21482411540E004C629A /* ulibtcap.framework */,
				A68D2146241153F7004C629A /* ulibsccp.framework */,
				A6DC79991DE65D17003BBA67 /* libiconv.2.dylib */,
				A67989D022BB68DB0019806C /* ulib.framework */,
				A67989D422BB68F40019806C /* ulibgsmmap.framework */,
			);
			name = Frameworks;
			path = /Library/Frameworks;
			sourceTree = "<absolute>";
		};
		A6F9FE471EF7FA33007C203A /* ulibsms */ = {
			isa = PBXGroup;
			children = (
				A6F9FE481EF7FA33007C203A /* ulibsms.h */,
				A6F9FE491EF7FA33007C203A /* Info.plist */,
			);
			path = ulibsms;
			sourceTree = "<group>";
		};
/* End PBXGroup section */

/* Begin PBXHeadersBuildPhase section */
		A6F9FE431EF7FA33007C203A /* Headers */ = {
			isa = PBXHeadersBuildPhase;
			buildActionMask = 2147483647;
			files = (
				A66C1482235933620019C5EA /* UMSATTokenSPS.h in Headers */,
				A66C1486235933620019C5EA /* UMSATTokenVariableReference.h in Headers */,
				A6F9FE521EF7FB79007C203A /* UMSMSWaitingQueue.h in Headers */,
				A6F9FE551EF7FB79007C203A /* UMHLRCacheEntry.h in Headers */,
				A66C149F235933620019C5EA /* UMSATTokenDeck.h in Headers */,
				A6F9FE531EF7FB79007C203A /* UMSMSInProgressQueue.h in Headers */,
				A66C148F235933620019C5EA /* UMSATTokenCouple.h in Headers */,
				A6F9FE4E1EF7FB67007C203A /* UMSMS.h in Headers */,
				A66C148E235933620019C5EA /* UMSATTokenSecureMessage.h in Headers */,
				A66C1491235933620019C5EA /* UMSATTokenInitVariableSelected.h in Headers */,
				A6F9FE501EF7FB79007C203A /* UMSMSTransactionProtocol.h in Headers */,
				A66C148B235933620019C5EA /* UMSATTokenURLReference.h in Headers */,
				A6909AAE1F69432A000254E8 /* UMGSMNationalLanguageIdentifier.h in Headers */,
				A66C1494235933620019C5EA /* UMSATTokenConcatenate.h in Headers */,
				A66C148D235933620019C5EA /* UMSATTokenConstantParameter.h in Headers */,
				A66C149D235933620019C5EA /* UMSATTokenExecuteSTKCommand.h in Headers */,
				A66C148C235933620019C5EA /* UMSATTokenAddressReference.h in Headers */,
				A6F9FE4F1EF7FB79007C203A /* UMSMS_Address.h in Headers */,
				A66C1481235933620019C5EA /* UMSATTokenDeckId.h in Headers */,
				A66C1489235933620019C5EA /* UMSATTokenInputList.h in Headers */,
				A6F9FE511EF7FB79007C203A /* UMLayerSMS.h in Headers */,
				A66C1497235933620019C5EA /* UMSATTokenDecrypt.h in Headers */,
				A66C1487235933620019C5EA /* UMSATTokenVariableReferenceList.h in Headers */,
				A66C1493235933620019C5EA /* UMSATTokenSetHelp.h in Headers */,
				A66C149C235933620019C5EA /* UMSATTokenManageContextualMenu.h in Headers */,
				A66C149E235933620019C5EA /* UMSATTokenExecutePlugin.h in Headers */,
				A66C1499235933620019C5EA /* UMSATTokenGoSelected.h in Headers */,
				A66C1490235933620019C5EA /* UMSATTokenInitVariable.h in Headers */,
				A66C1492235933620019C5EA /* UMSATTokenGetEnvironmentVariable.h in Headers */,
				A6909AB21F694638000254E8 /* UMGSMCharacterTable.h in Headers */,
				A66C1485235933620019C5EA /* UMSATTokenCardTemplate.h in Headers */,
				A66C1480235933620019C5EA /* UMSATToken.h in Headers */,
				A66C1496235933620019C5EA /* UMSATTokenEcrypt.h in Headers */,
				A66C14A0235933620019C5EA /* UMSATTokenCard.h in Headers */,
				A66C1488235933620019C5EA /* UMSATTokenInlineValue.h in Headers */,
				A66C1495235933620019C5EA /* UMSATTokenExtract.h in Headers */,
				A66C149B235933620019C5EA /* UMSATTokenExit.h in Headers */,
				A66C1483235933620019C5EA /* UMSATTokenTextElementTable.h in Headers */,
				A66C149A235933620019C5EA /* UMSATTokenSwitchCaseOnVariable.h in Headers */,
				A66C148A235933620019C5EA /* UMSATTokenParameter.h in Headers */,
				A6F9FE541EF7FB79007C203A /* UMHLRCache.h in Headers */,
				A6F9FE571EF7FB79007C203A /* UMGlobalMessageCache.h in Headers */,
				A6F9FE4A1EF7FA33007C203A /* ulibsms.h in Headers */,
				A6F9FE561EF7FB79007C203A /* UMSMSRetryQueue.h in Headers */,
				A66C1484235933620019C5EA /* UMSATTokenCardId.h in Headers */,
				A66C1498235933620019C5EA /* UMSATTokenGoBack.h in Headers */,
				A6F9FE581EF7FB79007C203A /* UMGlobalMessageCacheEntry.h in Headers */,
			);
			runOnlyForDeploymentPostprocessing = 0;
		};
/* End PBXHeadersBuildPhase section */

/* Begin PBXNativeTarget section */
		A61958952192D76B00BEB8A5 /* decode-sms */ = {
			isa = PBXNativeTarget;
			buildConfigurationList = A619589A2192D76B00BEB8A5 /* Build configuration list for PBXNativeTarget "decode-sms" */;
			buildPhases = (
				A61958922192D76B00BEB8A5 /* Sources */,
				A61958932192D76B00BEB8A5 /* Frameworks */,
				A61958942192D76B00BEB8A5 /* CopyFiles */,
			);
			buildRules = (
			);
			dependencies = (
			);
			name = "decode-sms";
			productName = "decode-sms";
			productReference = A61958962192D76B00BEB8A5 /* decode-sms */;
			productType = "com.apple.product-type.tool";
		};
		A641CEA91B42014800854472 /* ulibsmsTests */ = {
			isa = PBXNativeTarget;
			buildConfigurationList = A641CEB81B42014800854472 /* Build configuration list for PBXNativeTarget "ulibsmsTests" */;
			buildPhases = (
				A641CEA61B42014800854472 /* Sources */,
				A641CEA71B42014800854472 /* Frameworks */,
				A641CEA81B42014800854472 /* Resources */,
			);
			buildRules = (
			);
			dependencies = (
			);
			name = ulibsmsTests;
			productName = ulibsmsTests;
			productReference = A641CEAA1B42014800854472 /* ulibsmsTests.xctest */;
			productType = "com.apple.product-type.bundle.unit-test";
		};
		A6521E042334E5A0004C8C1F /* decode-gsm7 */ = {
			isa = PBXNativeTarget;
			buildConfigurationList = A6521E0D2334E5A0004C8C1F /* Build configuration list for PBXNativeTarget "decode-gsm7" */;
			buildPhases = (
				A6521E052334E5A0004C8C1F /* Sources */,
				A6521E072334E5A0004C8C1F /* Frameworks */,
				A6521E0C2334E5A0004C8C1F /* CopyFiles */,
			);
			buildRules = (
			);
			dependencies = (
			);
			name = "decode-gsm7";
			productName = "decode-sms";
			productReference = A6521E102334E5A0004C8C1F /* decode-gsm7 */;
			productType = "com.apple.product-type.tool";
		};
		A6981AA8233B2B7800D666D4 /* decode-st */ = {
			isa = PBXNativeTarget;
			buildConfigurationList = A6981AB1233B2B7800D666D4 /* Build configuration list for PBXNativeTarget "decode-st" */;
			buildPhases = (
				A6981AA9233B2B7800D666D4 /* Sources */,
				A6981AAB233B2B7800D666D4 /* Frameworks */,
				A6981AB0233B2B7800D666D4 /* CopyFiles */,
			);
			buildRules = (
			);
			dependencies = (
			);
			name = "decode-st";
			productName = "decode-sms";
			productReference = A6981AB4233B2B7800D666D4 /* decode-st */;
			productType = "com.apple.product-type.tool";
		};
		A6F9FE451EF7FA33007C203A /* ulibsms */ = {
			isa = PBXNativeTarget;
			buildConfigurationList = A6F9FE4D1EF7FA33007C203A /* Build configuration list for PBXNativeTarget "ulibsms" */;
			buildPhases = (
				A6CEB96F22BAAD2000B2BD9D /* ShellScript */,
				A6F9FE411EF7FA33007C203A /* Sources */,
				A6F9FE421EF7FA33007C203A /* Frameworks */,
				A6F9FE431EF7FA33007C203A /* Headers */,
				A6F9FE441EF7FA33007C203A /* Resources */,
			);
			buildRules = (
			);
			dependencies = (
			);
			name = ulibsms;
			productName = ulibsms;
			productReference = A6F9FE461EF7FA33007C203A /* ulibsms.framework */;
			productType = "com.apple.product-type.framework";
		};
/* End PBXNativeTarget section */

/* Begin PBXProject section */
		A641CE961B42014800854472 /* Project object */ = {
			isa = PBXProject;
			attributes = {
				LastUpgradeCheck = 1340;
				ORGANIZATIONNAME = "Andreas Fink (andreas@fink.org)";
				TargetAttributes = {
					A61958952192D76B00BEB8A5 = {
						CreatedOnToolsVersion = 10.1;
						DevelopmentTeam = 2GSNWPNR77;
						ProvisioningStyle = Automatic;
					};
					A641CEA91B42014800854472 = {
						CreatedOnToolsVersion = 6.3.2;
						DevelopmentTeam = 2GSNWPNR77;
						ProvisioningStyle = Automatic;
					};
					A6521E042334E5A0004C8C1F = {
						DevelopmentTeam = 2GSNWPNR77;
						ProvisioningStyle = Automatic;
					};
					A6981AA8233B2B7800D666D4 = {
						DevelopmentTeam = 2GSNWPNR77;
						ProvisioningStyle = Automatic;
					};
					A6F9FE451EF7FA33007C203A = {
						CreatedOnToolsVersion = 9.0;
						DevelopmentTeam = 2GSNWPNR77;
						ProvisioningStyle = Automatic;
					};
				};
			};
			buildConfigurationList = A641CE991B42014800854472 /* Build configuration list for PBXProject "ulibsms" */;
			compatibilityVersion = "Xcode 3.2";
			developmentRegion = en;
			hasScannedForEncodings = 0;
			knownRegions = (
				en,
				Base,
			);
			mainGroup = A641CE951B42014800854472;
			productRefGroup = A641CEA01B42014800854472 /* Products */;
			projectDirPath = "";
			projectRoot = "";
			targets = (
				A6F9FE451EF7FA33007C203A /* ulibsms */,
				A641CEA91B42014800854472 /* ulibsmsTests */,
				A61958952192D76B00BEB8A5 /* decode-sms */,
				A6521E042334E5A0004C8C1F /* decode-gsm7 */,
				A6981AA8233B2B7800D666D4 /* decode-st */,
			);
		};
/* End PBXProject section */

/* Begin PBXResourcesBuildPhase section */
		A641CEA81B42014800854472 /* Resources */ = {
			isa = PBXResourcesBuildPhase;
			buildActionMask = 2147483647;
			files = (
			);
			runOnlyForDeploymentPostprocessing = 0;
		};
		A6F9FE441EF7FA33007C203A /* Resources */ = {
			isa = PBXResourcesBuildPhase;
			buildActionMask = 2147483647;
			files = (
			);
			runOnlyForDeploymentPostprocessing = 0;
		};
/* End PBXResourcesBuildPhase section */

/* Begin PBXShellScriptBuildPhase section */
		A6CEB96F22BAAD2000B2BD9D /* ShellScript */ = {
			isa = PBXShellScriptBuildPhase;
			buildActionMask = 2147483647;
			files = (
			);
			inputFileListPaths = (
			);
			inputPaths = (
			);
			outputFileListPaths = (
			);
			outputPaths = (
			);
			runOnlyForDeploymentPostprocessing = 0;
			shellPath = /bin/sh;
			shellScript = "#\n\nif [ -f version.h ]\nthen\n    if [ VERSION -nt version.h ]\n    then\n        ./configure\n    fi\nelse\n    ./configure\nfi\nmkdir -p \"/Library/Application Support/FinkTelecomServices\"\n";
		};
/* End PBXShellScriptBuildPhase section */

/* Begin PBXSourcesBuildPhase section */
		A61958922192D76B00BEB8A5 /* Sources */ = {
			isa = PBXSourcesBuildPhase;
			buildActionMask = 2147483647;
			files = (
				A61958992192D76B00BEB8A5 /* main.m in Sources */,
			);
			runOnlyForDeploymentPostprocessing = 0;
		};
		A641CEA61B42014800854472 /* Sources */ = {
			isa = PBXSourcesBuildPhase;
			buildActionMask = 2147483647;
			files = (
				A664D5831F6A616100BD455E /* UMGlobalMessageCacheEntry.m in Sources */,
				A664D5811F6A60FC00BD455E /* UMSMSRetryQueue.m in Sources */,
				A664D5841F6A616400BD455E /* UMGSMCharacterTable.m in Sources */,
				A664D5821F6A615F00BD455E /* UMGlobalMessageCache.m in Sources */,
				A641CEB21B42014800854472 /* ulibsmsTests.m in Sources */,
				A664D57F1F6A60F700BD455E /* UMHLRCache.m in Sources */,
				A664D5801F6A60FA00BD455E /* UMHLRCacheEntry.m in Sources */,
				A664D57C1F6A60EE00BD455E /* UMLayerSMS.m in Sources */,
				A664D57D1F6A60F100BD455E /* UMSMSWaitingQueue.m in Sources */,
				A664D57E1F6A60F400BD455E /* UMSMSInProgressQueue.m in Sources */,
				A664D57B1F6A60EB00BD455E /* UMSMS_Address.m in Sources */,
				A664D57A1F6A60E500BD455E /* UMSMS.m in Sources */,
			);
			runOnlyForDeploymentPostprocessing = 0;
		};
		A6521E052334E5A0004C8C1F /* Sources */ = {
			isa = PBXSourcesBuildPhase;
			buildActionMask = 2147483647;
			files = (
				A6981AB9233B307900D666D4 /* main.m in Sources */,
			);
			runOnlyForDeploymentPostprocessing = 0;
		};
		A6981AA9233B2B7800D666D4 /* Sources */ = {
			isa = PBXSourcesBuildPhase;
			buildActionMask = 2147483647;
			files = (
				A66C1452235932AD0019C5EA /* UMSATTokenCouple.m in Sources */,
				A66C1473235933030019C5EA /* UMSATTokenSwitchCaseOnVariable.m in Sources */,
				A66C14462359328E0019C5EA /* UMSATTokenURLReference.m in Sources */,
				A65C7C0D23460A110013DDC3 /* UMSATCommands.m in Sources */,
				A66C142E2359323F0019C5EA /* UMSATTokenTextElementTable.m in Sources */,
				A66C145B235932C50019C5EA /* UMSATTokenGetEnvironmentVariable.m in Sources */,
				A66C142523592DA70019C5EA /* UMSATTokenCard.m in Sources */,
				A66C1479235933120019C5EA /* UMSATTokenManageContextualMenu.m in Sources */,
				A66C1449235932960019C5EA /* UMSATTokenAddressReference.m in Sources */,
				A66C147F235933220019C5EA /* UMSATTokenExecutePlugin.m in Sources */,
				A66C1458235932BD0019C5EA /* UMSATTokenInitVariableSelected.m in Sources */,
				A66C146D235932F50019C5EA /* UMSATTokenGoBack.m in Sources */,
				A66C144F235932A50019C5EA /* UMSATTokenSecureMessage.m in Sources */,
				A66C142223592D9A0019C5EA /* UMSATTokenDeck.m in Sources */,
				A66C143A2359326C0019C5EA /* UMSATTokenVariableReferenceList.m in Sources */,
				A6645193234CE5CB006A2FA2 /* UMSATToken.m in Sources */,
				A66C14282359322D0019C5EA /* UMSATTokenDeckId.m in Sources */,
				A66C1437235932640019C5EA /* UMSATTokenVariableReference.m in Sources */,
				A66C14762359330B0019C5EA /* UMSATTokenExit.m in Sources */,
				A66C14342359325C0019C5EA /* UMSATTokenCardTemplate.m in Sources */,
				A66C14402359327C0019C5EA /* UMSATTokenInputList.m in Sources */,
				A66C1431235932530019C5EA /* UMSATTokenCardId.m in Sources */,
				A66C1467235932E50019C5EA /* UMSATTokenEcrypt.m in Sources */,
				A66C1461235932D50019C5EA /* UMSATTokenConcatenate.m in Sources */,
				A66C1464235932DD0019C5EA /* UMSATTokenExtract.m in Sources */,
				A66C146A235932EE0019C5EA /* UMSATTokenDecrypt.m in Sources */,
				A66C1455235932B40019C5EA /* UMSATTokenInitVariable.m in Sources */,
				A66C143D235932740019C5EA /* UMSATTokenInlineValue.m in Sources */,
				A66C144C2359329E0019C5EA /* UMSATTokenConstantParameter.m in Sources */,
				A6981AB8233B2B9C00D666D4 /* main.m in Sources */,
				A66C1443235932850019C5EA /* UMSATTokenParameter.m in Sources */,
				A66C1470235932FC0019C5EA /* UMSATTokenGoSelected.m in Sources */,
				A66C145E235932CD0019C5EA /* UMSATTokenSetHelp.m in Sources */,
				A66C142B235932360019C5EA /* UMSATTokenSPS.m in Sources */,
				A66C147C235933190019C5EA /* UMSATTokenExecuteSTKCommand.m in Sources */,
			);
			runOnlyForDeploymentPostprocessing = 0;
		};
		A6F9FE411EF7FA33007C203A /* Sources */ = {
			isa = PBXSourcesBuildPhase;
			buildActionMask = 2147483647;
			files = (
				A6909AB31F694638000254E8 /* UMGSMCharacterTable.m in Sources */,
				A6F9FE621EF7FB8E007C203A /* UMGlobalMessageCacheEntry.m in Sources */,
				A6F9FE5A1EF7FB8E007C203A /* UMSMS_Address.m in Sources */,
				A6F9FE5D1EF7FB8E007C203A /* UMSMSInProgressQueue.m in Sources */,
				A6F9FE5B1EF7FB8E007C203A /* UMLayerSMS.m in Sources */,
				A6F9FE611EF7FB8E007C203A /* UMGlobalMessageCache.m in Sources */,
				A6F9FE591EF7FB8E007C203A /* UMSMS.m in Sources */,
				A6F9FE601EF7FB8E007C203A /* UMSMSRetryQueue.m in Sources */,
				A6F9FE5C1EF7FB8E007C203A /* UMSMSWaitingQueue.m in Sources */,
				A6F9FE5F1EF7FB8E007C203A /* UMHLRCacheEntry.m in Sources */,
				A6F9FE5E1EF7FB8E007C203A /* UMHLRCache.m in Sources */,
			);
			runOnlyForDeploymentPostprocessing = 0;
		};
/* End PBXSourcesBuildPhase section */

/* Begin XCBuildConfiguration section */
		A619589B2192D76B00BEB8A5 /* Debug */ = {
			isa = XCBuildConfiguration;
			buildSettings = {
				CLANG_ANALYZER_NONNULL = YES;
				CLANG_ANALYZER_NUMBER_OBJECT_CONVERSION = YES_AGGRESSIVE;
				CLANG_CXX_LANGUAGE_STANDARD = "gnu++14";
				CLANG_ENABLE_MODULES = YES;
				CLANG_ENABLE_OBJC_WEAK = YES;
				CLANG_WARN_DOCUMENTATION_COMMENTS = YES;
				CLANG_WARN_UNGUARDED_AVAILABILITY = YES_AGGRESSIVE;
				CODE_SIGN_IDENTITY = "Mac Developer";
				CODE_SIGN_STYLE = Automatic;
				DEPLOYMENT_LOCATION = YES;
				DEVELOPMENT_TEAM = 2GSNWPNR77;
				DSTROOT = /;
				ENABLE_HARDENED_RUNTIME = YES;
				FRAMEWORK_SEARCH_PATHS = (
					"$(inherited)",
					"$(LOCAL_LIBRARY_DIR)/Frameworks",
					"$(LOCAL_LIBRARY_DIR)/Application\\ Support/FinkTelecomServices/frameworks",
					"$(LOCAL_LIBRARY_DIR)/Application\\ Support/FinkTelecomServices/frameworks",
				);
				GCC_C_LANGUAGE_STANDARD = gnu11;
				INSTALL_PATH = "/Library/Application Support/FinkTelecomServices/bin";
				MACOSX_DEPLOYMENT_TARGET = 10.14;
				MTL_ENABLE_DEBUG_INFO = INCLUDE_SOURCE;
				MTL_FAST_MATH = YES;
				PRODUCT_BUNDLE_IDENTIFIER = "me.fink.decode-sms";
				PRODUCT_NAME = "$(TARGET_NAME)";
			};
			name = Debug;
		};
		A619589C2192D76B00BEB8A5 /* Release */ = {
			isa = XCBuildConfiguration;
			buildSettings = {
				CLANG_ANALYZER_NONNULL = YES;
				CLANG_ANALYZER_NUMBER_OBJECT_CONVERSION = YES_AGGRESSIVE;
				CLANG_CXX_LANGUAGE_STANDARD = "gnu++14";
				CLANG_ENABLE_MODULES = YES;
				CLANG_ENABLE_OBJC_WEAK = YES;
				CLANG_WARN_DOCUMENTATION_COMMENTS = YES;
				CLANG_WARN_UNGUARDED_AVAILABILITY = YES_AGGRESSIVE;
				CODE_SIGN_IDENTITY = "Mac Developer";
				CODE_SIGN_STYLE = Automatic;
				DEPLOYMENT_LOCATION = YES;
				DEVELOPMENT_TEAM = 2GSNWPNR77;
				DSTROOT = /;
				ENABLE_HARDENED_RUNTIME = YES;
				FRAMEWORK_SEARCH_PATHS = (
					"$(inherited)",
					"$(LOCAL_LIBRARY_DIR)/Frameworks",
					"$(LOCAL_LIBRARY_DIR)/Application\\ Support/FinkTelecomServices/frameworks",
					"$(LOCAL_LIBRARY_DIR)/Application\\ Support/FinkTelecomServices/frameworks",
				);
				GCC_C_LANGUAGE_STANDARD = gnu11;
				INSTALL_PATH = "/Library/Application Support/FinkTelecomServices/bin";
				MACOSX_DEPLOYMENT_TARGET = 10.14;
				MTL_FAST_MATH = YES;
				PRODUCT_BUNDLE_IDENTIFIER = "me.fink.decode-sms";
				PRODUCT_NAME = "$(TARGET_NAME)";
			};
			name = Release;
		};
		A641CEB31B42014800854472 /* Debug */ = {
			isa = XCBuildConfiguration;
			buildSettings = {
				ALWAYS_SEARCH_USER_PATHS = NO;
				ARCHS = (
					"$(ARCHS_STANDARD)",
					arm64,
					x86_64,
				);
				CLANG_ALLOW_NON_MODULAR_INCLUDES_IN_FRAMEWORK_MODULES = NO;
				CLANG_ANALYZER_LOCALIZABILITY_NONLOCALIZED = YES;
				CLANG_CXX_LANGUAGE_STANDARD = "gnu++0x";
				CLANG_CXX_LIBRARY = "libc++";
				CLANG_ENABLE_MODULES = NO;
				CLANG_ENABLE_OBJC_ARC = YES;
				CLANG_WARN_BLOCK_CAPTURE_AUTORELEASING = YES;
				CLANG_WARN_BOOL_CONVERSION = YES;
				CLANG_WARN_COMMA = YES;
				CLANG_WARN_CONSTANT_CONVERSION = YES;
				CLANG_WARN_DEPRECATED_OBJC_IMPLEMENTATIONS = YES;
				CLANG_WARN_DIRECT_OBJC_ISA_USAGE = YES_ERROR;
				CLANG_WARN_EMPTY_BODY = YES;
				CLANG_WARN_ENUM_CONVERSION = YES;
				CLANG_WARN_INFINITE_RECURSION = YES;
				CLANG_WARN_INT_CONVERSION = YES;
				CLANG_WARN_NON_LITERAL_NULL_CONVERSION = YES;
				CLANG_WARN_OBJC_IMPLICIT_RETAIN_SELF = YES;
				CLANG_WARN_OBJC_LITERAL_CONVERSION = YES;
				CLANG_WARN_OBJC_ROOT_CLASS = YES_ERROR;
				CLANG_WARN_RANGE_LOOP_ANALYSIS = YES;
				CLANG_WARN_STRICT_PROTOTYPES = YES;
				CLANG_WARN_SUSPICIOUS_MOVE = YES;
				CLANG_WARN_UNREACHABLE_CODE = YES;
				CLANG_WARN__DUPLICATE_METHOD_MATCH = YES;
				COPY_PHASE_STRIP = NO;
				CURRENT_PROJECT_VERSION = 1;
				DEBUG_INFORMATION_FORMAT = dwarf;
				ENABLE_STRICT_OBJC_MSGSEND = YES;
				ENABLE_TESTABILITY = YES;
				FRAMEWORK_SEARCH_PATHS = "\"/Library/Application Support/FinkTelecomServices/frameworks\"";
				GCC_C_LANGUAGE_STANDARD = gnu99;
				GCC_DYNAMIC_NO_PIC = NO;
				GCC_NO_COMMON_BLOCKS = YES;
				GCC_OPTIMIZATION_LEVEL = 0;
				GCC_PREPROCESSOR_DEFINITIONS = (
					"DEBUG=1",
					"$(inherited)",
				);
				GCC_SYMBOLS_PRIVATE_EXTERN = NO;
				GCC_WARN_64_TO_32_BIT_CONVERSION = YES;
				GCC_WARN_ABOUT_RETURN_TYPE = YES_ERROR;
				GCC_WARN_UNDECLARED_SELECTOR = YES;
				GCC_WARN_UNINITIALIZED_AUTOS = YES_AGGRESSIVE;
				GCC_WARN_UNUSED_FUNCTION = YES;
				GCC_WARN_UNUSED_VARIABLE = YES;
				INSTALL_PATH = "/Library/Application Support/FinkTelecomServices/frameworks";
				MACOSX_DEPLOYMENT_TARGET = 10.14;
				MTL_ENABLE_DEBUG_INFO = YES;
				ONLY_ACTIVE_ARCH = NO;
				SDKROOT = macosx;
				VERSIONING_SYSTEM = "apple-generic";
				VERSION_INFO_PREFIX = "";
				WARNING_CFLAGS = "-Wimplicit-fallthrough";
			};
			name = Debug;
		};
		A641CEB41B42014800854472 /* Release */ = {
			isa = XCBuildConfiguration;
			buildSettings = {
				ALWAYS_SEARCH_USER_PATHS = NO;
				ARCHS = (
					"$(ARCHS_STANDARD)",
					arm64,
					x86_64,
				);
				CLANG_ALLOW_NON_MODULAR_INCLUDES_IN_FRAMEWORK_MODULES = NO;
				CLANG_ANALYZER_LOCALIZABILITY_NONLOCALIZED = YES;
				CLANG_CXX_LANGUAGE_STANDARD = "gnu++0x";
				CLANG_CXX_LIBRARY = "libc++";
				CLANG_ENABLE_MODULES = NO;
				CLANG_ENABLE_OBJC_ARC = YES;
				CLANG_WARN_BLOCK_CAPTURE_AUTORELEASING = YES;
				CLANG_WARN_BOOL_CONVERSION = YES;
				CLANG_WARN_COMMA = YES;
				CLANG_WARN_CONSTANT_CONVERSION = YES;
				CLANG_WARN_DEPRECATED_OBJC_IMPLEMENTATIONS = YES;
				CLANG_WARN_DIRECT_OBJC_ISA_USAGE = YES_ERROR;
				CLANG_WARN_EMPTY_BODY = YES;
				CLANG_WARN_ENUM_CONVERSION = YES;
				CLANG_WARN_INFINITE_RECURSION = YES;
				CLANG_WARN_INT_CONVERSION = YES;
				CLANG_WARN_NON_LITERAL_NULL_CONVERSION = YES;
				CLANG_WARN_OBJC_IMPLICIT_RETAIN_SELF = YES;
				CLANG_WARN_OBJC_LITERAL_CONVERSION = YES;
				CLANG_WARN_OBJC_ROOT_CLASS = YES_ERROR;
				CLANG_WARN_RANGE_LOOP_ANALYSIS = YES;
				CLANG_WARN_STRICT_PROTOTYPES = YES;
				CLANG_WARN_SUSPICIOUS_MOVE = YES;
				CLANG_WARN_UNREACHABLE_CODE = YES;
				CLANG_WARN__DUPLICATE_METHOD_MATCH = YES;
				COPY_PHASE_STRIP = NO;
				CURRENT_PROJECT_VERSION = 1;
				DEBUG_INFORMATION_FORMAT = "dwarf-with-dsym";
				ENABLE_NS_ASSERTIONS = NO;
				ENABLE_STRICT_OBJC_MSGSEND = YES;
				FRAMEWORK_SEARCH_PATHS = "\"/Library/Application Support/FinkTelecomServices/frameworks\"";
				GCC_C_LANGUAGE_STANDARD = gnu99;
				GCC_NO_COMMON_BLOCKS = YES;
				GCC_WARN_64_TO_32_BIT_CONVERSION = YES;
				GCC_WARN_ABOUT_RETURN_TYPE = YES_ERROR;
				GCC_WARN_UNDECLARED_SELECTOR = YES;
				GCC_WARN_UNINITIALIZED_AUTOS = YES_AGGRESSIVE;
				GCC_WARN_UNUSED_FUNCTION = YES;
				GCC_WARN_UNUSED_VARIABLE = YES;
				INSTALL_PATH = "/Library/Application Support/FinkTelecomServices/frameworks";
				MACOSX_DEPLOYMENT_TARGET = 10.14;
				MTL_ENABLE_DEBUG_INFO = NO;
				ONLY_ACTIVE_ARCH = NO;
				SDKROOT = macosx;
				VERSIONING_SYSTEM = "apple-generic";
				VERSION_INFO_PREFIX = "";
				WARNING_CFLAGS = "-Wimplicit-fallthrough";
			};
			name = Release;
		};
		A641CEB91B42014800854472 /* Debug */ = {
			isa = XCBuildConfiguration;
			buildSettings = {
				CODE_SIGN_IDENTITY = "Apple Development";
				CODE_SIGN_STYLE = Automatic;
				COMBINE_HIDPI_IMAGES = YES;
				DEVELOPMENT_TEAM = 2GSNWPNR77;
				FRAMEWORK_SEARCH_PATHS = (
					"$(DEVELOPER_FRAMEWORKS_DIR)",
					"$(inherited)",
					"$(LOCAL_LIBRARY_DIR)/Frameworks",
					"$(LOCAL_LIBRARY_DIR)/Application\\ Support/FinkTelecomServices/frameworks",
					"$(LOCAL_LIBRARY_DIR)/Application\\ Support/FinkTelecomServices/frameworks",
				);
				GCC_PREPROCESSOR_DEFINITIONS = (
					"DEBUG=1",
					"$(inherited)",
				);
				INFOPLIST_FILE = ulibsmsTests/Info.plist;
				LD_RUNPATH_SEARCH_PATHS = "$(inherited) @executable_path/../Frameworks @loader_path/../Frameworks";
				PRODUCT_BUNDLE_IDENTIFIER = "me.fink.$(PRODUCT_NAME:rfc1034identifier)";
				PRODUCT_NAME = "$(TARGET_NAME)";
				PROVISIONING_PROFILE_SPECIFIER = "";
			};
			name = Debug;
		};
		A641CEBA1B42014800854472 /* Release */ = {
			isa = XCBuildConfiguration;
			buildSettings = {
				CODE_SIGN_IDENTITY = "Apple Development";
				CODE_SIGN_STYLE = Automatic;
				COMBINE_HIDPI_IMAGES = YES;
				DEVELOPMENT_TEAM = 2GSNWPNR77;
				FRAMEWORK_SEARCH_PATHS = (
					"$(DEVELOPER_FRAMEWORKS_DIR)",
					"$(inherited)",
					"$(LOCAL_LIBRARY_DIR)/Frameworks",
					"$(LOCAL_LIBRARY_DIR)/Application\\ Support/FinkTelecomServices/frameworks",
					"$(LOCAL_LIBRARY_DIR)/Application\\ Support/FinkTelecomServices/frameworks",
				);
				INFOPLIST_FILE = ulibsmsTests/Info.plist;
				LD_RUNPATH_SEARCH_PATHS = "$(inherited) @executable_path/../Frameworks @loader_path/../Frameworks";
				PRODUCT_BUNDLE_IDENTIFIER = "me.fink.$(PRODUCT_NAME:rfc1034identifier)";
				PRODUCT_NAME = "$(TARGET_NAME)";
				PROVISIONING_PROFILE_SPECIFIER = "";
			};
			name = Release;
		};
		A6521E0E2334E5A0004C8C1F /* Debug */ = {
			isa = XCBuildConfiguration;
			buildSettings = {
				CLANG_ANALYZER_NONNULL = YES;
				CLANG_ANALYZER_NUMBER_OBJECT_CONVERSION = YES_AGGRESSIVE;
				CLANG_CXX_LANGUAGE_STANDARD = "gnu++14";
				CLANG_ENABLE_MODULES = YES;
				CLANG_ENABLE_OBJC_WEAK = YES;
				CLANG_WARN_DOCUMENTATION_COMMENTS = YES;
				CLANG_WARN_UNGUARDED_AVAILABILITY = YES_AGGRESSIVE;
				CODE_SIGN_IDENTITY = "Mac Developer";
				CODE_SIGN_STYLE = Automatic;
				DEPLOYMENT_LOCATION = YES;
				DEVELOPMENT_TEAM = 2GSNWPNR77;
				DSTROOT = /;
				ENABLE_HARDENED_RUNTIME = YES;
				FRAMEWORK_SEARCH_PATHS = (
					"$(inherited)",
					"$(LOCAL_LIBRARY_DIR)/Frameworks",
					"$(LOCAL_LIBRARY_DIR)/Application\\ Support/FinkTelecomServices/frameworks",
					"$(LOCAL_LIBRARY_DIR)/Application\\ Support/FinkTelecomServices/frameworks",
				);
				GCC_C_LANGUAGE_STANDARD = gnu11;
				INSTALL_PATH = "/Library/Application Support/FinkTelecomServices/bin";
				MACOSX_DEPLOYMENT_TARGET = 10.14;
				MTL_ENABLE_DEBUG_INFO = INCLUDE_SOURCE;
				MTL_FAST_MATH = YES;
				PRODUCT_BUNDLE_IDENTIFIER = "me.fink.decode-gsm7";
				PRODUCT_NAME = "$(TARGET_NAME)";
			};
			name = Debug;
		};
		A6521E0F2334E5A0004C8C1F /* Release */ = {
			isa = XCBuildConfiguration;
			buildSettings = {
				CLANG_ANALYZER_NONNULL = YES;
				CLANG_ANALYZER_NUMBER_OBJECT_CONVERSION = YES_AGGRESSIVE;
				CLANG_CXX_LANGUAGE_STANDARD = "gnu++14";
				CLANG_ENABLE_MODULES = YES;
				CLANG_ENABLE_OBJC_WEAK = YES;
				CLANG_WARN_DOCUMENTATION_COMMENTS = YES;
				CLANG_WARN_UNGUARDED_AVAILABILITY = YES_AGGRESSIVE;
				CODE_SIGN_IDENTITY = "Mac Developer";
				CODE_SIGN_STYLE = Automatic;
				DEPLOYMENT_LOCATION = YES;
				DEVELOPMENT_TEAM = 2GSNWPNR77;
				DSTROOT = /;
				ENABLE_HARDENED_RUNTIME = YES;
				FRAMEWORK_SEARCH_PATHS = (
					"$(inherited)",
					"$(LOCAL_LIBRARY_DIR)/Frameworks",
					"$(LOCAL_LIBRARY_DIR)/Application\\ Support/FinkTelecomServices/frameworks",
					"$(LOCAL_LIBRARY_DIR)/Application\\ Support/FinkTelecomServices/frameworks",
				);
				GCC_C_LANGUAGE_STANDARD = gnu11;
				INSTALL_PATH = "/Library/Application Support/FinkTelecomServices/bin";
				MACOSX_DEPLOYMENT_TARGET = 10.14;
				MTL_FAST_MATH = YES;
				PRODUCT_BUNDLE_IDENTIFIER = "me.fink.decode-gsm7";
				PRODUCT_NAME = "$(TARGET_NAME)";
			};
			name = Release;
		};
		A6981AB2233B2B7800D666D4 /* Debug */ = {
			isa = XCBuildConfiguration;
			buildSettings = {
				CLANG_ANALYZER_NONNULL = YES;
				CLANG_ANALYZER_NUMBER_OBJECT_CONVERSION = YES_AGGRESSIVE;
				CLANG_CXX_LANGUAGE_STANDARD = "gnu++14";
				CLANG_ENABLE_MODULES = YES;
				CLANG_ENABLE_OBJC_WEAK = YES;
				CLANG_WARN_DOCUMENTATION_COMMENTS = YES;
				CLANG_WARN_UNGUARDED_AVAILABILITY = YES_AGGRESSIVE;
				CODE_SIGN_IDENTITY = "Mac Developer";
				CODE_SIGN_STYLE = Automatic;
				DEPLOYMENT_LOCATION = YES;
				DEVELOPMENT_TEAM = 2GSNWPNR77;
				DSTROOT = /;
				ENABLE_HARDENED_RUNTIME = YES;
				FRAMEWORK_SEARCH_PATHS = (
					"$(inherited)",
					"$(LOCAL_LIBRARY_DIR)/Frameworks",
					"$(LOCAL_LIBRARY_DIR)/Application\\ Support/FinkTelecomServices/frameworks",
					"$(LOCAL_LIBRARY_DIR)/Application\\ Support/FinkTelecomServices/frameworks",
				);
				GCC_C_LANGUAGE_STANDARD = gnu11;
				INSTALL_PATH = "/Library/Application Support/FinkTelecomServices/bin";
				MACOSX_DEPLOYMENT_TARGET = 10.14;
				MTL_ENABLE_DEBUG_INFO = INCLUDE_SOURCE;
				MTL_FAST_MATH = YES;
				PRODUCT_BUNDLE_IDENTIFIER = "me.fink.decode-st";
				PRODUCT_NAME = "$(TARGET_NAME)";
			};
			name = Debug;
		};
		A6981AB3233B2B7800D666D4 /* Release */ = {
			isa = XCBuildConfiguration;
			buildSettings = {
				CLANG_ANALYZER_NONNULL = YES;
				CLANG_ANALYZER_NUMBER_OBJECT_CONVERSION = YES_AGGRESSIVE;
				CLANG_CXX_LANGUAGE_STANDARD = "gnu++14";
				CLANG_ENABLE_MODULES = YES;
				CLANG_ENABLE_OBJC_WEAK = YES;
				CLANG_WARN_DOCUMENTATION_COMMENTS = YES;
				CLANG_WARN_UNGUARDED_AVAILABILITY = YES_AGGRESSIVE;
				CODE_SIGN_IDENTITY = "Mac Developer";
				CODE_SIGN_STYLE = Automatic;
				DEPLOYMENT_LOCATION = YES;
				DEVELOPMENT_TEAM = 2GSNWPNR77;
				DSTROOT = /;
				ENABLE_HARDENED_RUNTIME = YES;
				FRAMEWORK_SEARCH_PATHS = (
					"$(inherited)",
					"$(LOCAL_LIBRARY_DIR)/Frameworks",
					"$(LOCAL_LIBRARY_DIR)/Application\\ Support/FinkTelecomServices/frameworks",
					"$(LOCAL_LIBRARY_DIR)/Application\\ Support/FinkTelecomServices/frameworks",
				);
				GCC_C_LANGUAGE_STANDARD = gnu11;
				INSTALL_PATH = "/Library/Application Support/FinkTelecomServices/bin";
				MACOSX_DEPLOYMENT_TARGET = 10.14;
				MTL_FAST_MATH = YES;
				PRODUCT_BUNDLE_IDENTIFIER = "me.fink.decode-st";
				PRODUCT_NAME = "$(TARGET_NAME)";
			};
			name = Release;
		};
		A6F9FE4B1EF7FA33007C203A /* Debug */ = {
			isa = XCBuildConfiguration;
			buildSettings = {
				CLANG_ANALYZER_NONNULL = YES;
				CLANG_ANALYZER_NUMBER_OBJECT_CONVERSION = YES_AGGRESSIVE;
				CLANG_CXX_LANGUAGE_STANDARD = "gnu++14";
				CLANG_ENABLE_MODULES = NO;
				CLANG_WARN_DOCUMENTATION_COMMENTS = YES;
				CLANG_WARN_UNGUARDED_AVAILABILITY = YES_AGGRESSIVE;
				CODE_SIGN_IDENTITY = "Apple Development";
				CODE_SIGN_STYLE = Automatic;
				COMBINE_HIDPI_IMAGES = YES;
				DEFINES_MODULE = NO;
				DEPLOYMENT_LOCATION = YES;
				DEVELOPMENT_TEAM = "";
				DSTROOT = /;
				DYLIB_COMPATIBILITY_VERSION = 1;
				DYLIB_CURRENT_VERSION = 1;
				FRAMEWORK_SEARCH_PATHS = (
					"$(inherited)",
					/Library/Frameworks,
					"$(LOCAL_LIBRARY_DIR)/Application\\ Support/FinkTelecomServices/frameworks",
					"$(LOCAL_LIBRARY_DIR)/Application\\ Support/FinkTelecomServices/frameworks",
					"$(LOCAL_LIBRARY_DIR)/Application\\ Support/FinkTelecomServices/frameworks",
					"$(LOCAL_LIBRARY_DIR)/Application\\ Support/FinkTelecomServices/frameworks",
					"$(LOCAL_LIBRARY_DIR)/Application\\ Support/FinkTelecomServices/frameworks",
				);
				FRAMEWORK_VERSION = A;
				GCC_C_LANGUAGE_STANDARD = gnu11;
				INFOPLIST_FILE = ulibsms/Info.plist;
				INSTALL_PATH = "/Library/Application Support/FinkTelecomServices/frameworks";
				LD_RUNPATH_SEARCH_PATHS = "$(inherited) @executable_path/../Frameworks @loader_path/Frameworks";
				MACOSX_DEPLOYMENT_TARGET = 10.14;
				MARKETING_VERSION = 1.14.1;
				PRODUCT_BUNDLE_IDENTIFIER = me.fink.ulibsms;
				PRODUCT_NAME = "$(TARGET_NAME:c99extidentifier)";
				PROVISIONING_PROFILE_SPECIFIER = "";
				SKIP_INSTALL = NO;
				STRIP_INSTALLED_PRODUCT = NO;
			};
			name = Debug;
		};
		A6F9FE4C1EF7FA33007C203A /* Release */ = {
			isa = XCBuildConfiguration;
			buildSettings = {
				CLANG_ANALYZER_NONNULL = YES;
				CLANG_ANALYZER_NUMBER_OBJECT_CONVERSION = YES_AGGRESSIVE;
				CLANG_CXX_LANGUAGE_STANDARD = "gnu++14";
				CLANG_ENABLE_MODULES = NO;
				CLANG_WARN_DOCUMENTATION_COMMENTS = YES;
				CLANG_WARN_UNGUARDED_AVAILABILITY = YES_AGGRESSIVE;
				CODE_SIGN_IDENTITY = "Apple Development";
				CODE_SIGN_STYLE = Automatic;
				COMBINE_HIDPI_IMAGES = YES;
				DEFINES_MODULE = NO;
				DEPLOYMENT_LOCATION = YES;
				DEVELOPMENT_TEAM = "";
				DSTROOT = /;
				DYLIB_COMPATIBILITY_VERSION = 1;
				DYLIB_CURRENT_VERSION = 1;
				FRAMEWORK_SEARCH_PATHS = (
					"$(inherited)",
					/Library/Frameworks,
					"$(LOCAL_LIBRARY_DIR)/Application\\ Support/FinkTelecomServices/frameworks",
					"$(LOCAL_LIBRARY_DIR)/Application\\ Support/FinkTelecomServices/frameworks",
					"$(LOCAL_LIBRARY_DIR)/Application\\ Support/FinkTelecomServices/frameworks",
					"$(LOCAL_LIBRARY_DIR)/Application\\ Support/FinkTelecomServices/frameworks",
					"$(LOCAL_LIBRARY_DIR)/Application\\ Support/FinkTelecomServices/frameworks",
				);
				FRAMEWORK_VERSION = A;
				GCC_C_LANGUAGE_STANDARD = gnu11;
				INFOPLIST_FILE = ulibsms/Info.plist;
				INSTALL_PATH = "/Library/Application Support/FinkTelecomServices/frameworks";
				LD_RUNPATH_SEARCH_PATHS = "$(inherited) @executable_path/../Frameworks @loader_path/Frameworks";
				MACOSX_DEPLOYMENT_TARGET = 10.14;
				MARKETING_VERSION = 1.14.1;
				PRODUCT_BUNDLE_IDENTIFIER = me.fink.ulibsms;
				PRODUCT_NAME = "$(TARGET_NAME:c99extidentifier)";
				PROVISIONING_PROFILE_SPECIFIER = "";
				SKIP_INSTALL = NO;
				STRIP_INSTALLED_PRODUCT = NO;
			};
			name = Release;
		};
/* End XCBuildConfiguration section */

/* Begin XCConfigurationList section */
		A619589A2192D76B00BEB8A5 /* Build configuration list for PBXNativeTarget "decode-sms" */ = {
			isa = XCConfigurationList;
			buildConfigurations = (
				A619589B2192D76B00BEB8A5 /* Debug */,
				A619589C2192D76B00BEB8A5 /* Release */,
			);
			defaultConfigurationIsVisible = 0;
			defaultConfigurationName = Debug;
		};
		A641CE991B42014800854472 /* Build configuration list for PBXProject "ulibsms" */ = {
			isa = XCConfigurationList;
			buildConfigurations = (
				A641CEB31B42014800854472 /* Debug */,
				A641CEB41B42014800854472 /* Release */,
			);
			defaultConfigurationIsVisible = 0;
			defaultConfigurationName = Debug;
		};
		A641CEB81B42014800854472 /* Build configuration list for PBXNativeTarget "ulibsmsTests" */ = {
			isa = XCConfigurationList;
			buildConfigurations = (
				A641CEB91B42014800854472 /* Debug */,
				A641CEBA1B42014800854472 /* Release */,
			);
			defaultConfigurationIsVisible = 0;
			defaultConfigurationName = Debug;
		};
		A6521E0D2334E5A0004C8C1F /* Build configuration list for PBXNativeTarget "decode-gsm7" */ = {
			isa = XCConfigurationList;
			buildConfigurations = (
				A6521E0E2334E5A0004C8C1F /* Debug */,
				A6521E0F2334E5A0004C8C1F /* Release */,
			);
			defaultConfigurationIsVisible = 0;
			defaultConfigurationName = Debug;
		};
		A6981AB1233B2B7800D666D4 /* Build configuration list for PBXNativeTarget "decode-st" */ = {
			isa = XCConfigurationList;
			buildConfigurations = (
				A6981AB2233B2B7800D666D4 /* Debug */,
				A6981AB3233B2B7800D666D4 /* Release */,
			);
			defaultConfigurationIsVisible = 0;
			defaultConfigurationName = Debug;
		};
		A6F9FE4D1EF7FA33007C203A /* Build configuration list for PBXNativeTarget "ulibsms" */ = {
			isa = XCConfigurationList;
			buildConfigurations = (
				A6F9FE4B1EF7FA33007C203A /* Debug */,
				A6F9FE4C1EF7FA33007C203A /* Release */,
			);
			defaultConfigurationIsVisible = 0;
			defaultConfigurationName = Debug;
		};
/* End XCConfigurationList section */
	};
	rootObject = A641CE961B42014800854472 /* Project object */;
}
